Microsoft Visual Studio Solution File, Format Version 12.00
# Visual Studio 15
VisualStudioVersion = 15.0.27130.2027
MinimumVisualStudioVersion = 15.0.26124.0
Project("{9A19103F-16F7-4668-BE54-9A1E7A4F7556}") = "ServerSideSample.Server", "ServerSideSample.Server\ServerSideSample.Server.csproj", "{0EA983C2-8C60-4F45-8B7C-6DEAA8F7DDE9}"
EndProject
Project("{9A19103F-16F7-4668-BE54-9A1E7A4F7556}") = "ServerSideSample.App", "ServerSideSample.App\ServerSideSample.App.csproj", "{AD20A723-0286-45EC-952D-C00A93F324B8}"
EndProject
Global
	GlobalSection(SolutionConfigurationPlatforms) = preSolution
		Debug|Any CPU = Debug|Any CPU
		Debug|x64 = Debug|x64
		Debug|x86 = Debug|x86
		Release|Any CPU = Release|Any CPU
		Release|x64 = Release|x64
		Release|x86 = Release|x86
	EndGlobalSection
	GlobalSection(ProjectConfigurationPlatforms) = postSolution
		{AD20A723-0286-45EC-952D-C00A93F324B8}.Debug|Any CPU.ActiveCfg = Debug|Any CPU
		{AD20A723-0286-45EC-952D-C00A93F324B8}.Debug|Any CPU.Build.0 = Debug|Any CPU
		{AD20A723-0286-45EC-952D-C00A93F324B8}.Debug|x64.ActiveCfg = Debug|Any CPU
		{AD20A723-0286-45EC-952D-C00A93F324B8}.Debug|x64.Build.0 = Debug|Any CPU
		{AD20A723-0286-45EC-952D-C00A93F324B8}.Debug|x86.ActiveCfg = Debug|Any CPU
		{AD20A723-0286-45EC-952D-C00A93F324B8}.Debug|x86.Build.0 = Debug|Any CPU
		{AD20A723-0286-45EC-952D-C00A93F324B8}.Release|Any CPU.ActiveCfg = Release|Any CPU
		{AD20A723-0286-45EC-952D-C00A93F324B8}.Release|Any CPU.Build.0 = Release|Any CPU
		{AD20A723-0286-45EC-952D-C00A93F324B8}.Release|x64.ActiveCfg = Release|Any CPU
		{AD20A723-0286-45EC-952D-C00A93F324B8}.Release|x64.Build.0 = Release|Any CPU
		{AD20A723-0286-45EC-952D-C00A93F324B8}.Release|x86.ActiveCfg = Release|Any CPU
		{AD20A723-0286-45EC-952D-C00A93F324B8}.Release|x86.Build.0 = Release|Any CPU
		{0EA983C2-8C60-4F45-8B7C-6DEAA8F7DDE9}.Debug|Any CPU.ActiveCfg = Debug|Any CPU
		{0EA983C2-8C60-4F45-8B7C-6DEAA8F7DDE9}.Debug|Any CPU.Build.0 = Debug|Any CPU
		{0EA983C2-8C60-4F45-8B7C-6DEAA8F7DDE9}.Debug|x64.ActiveCfg = Debug|Any CPU
		{0EA983C2-8C60-4F45-8B7C-6DEAA8F7DDE9}.Debug|x64.Build.0 = Debug|Any CPU
		{0EA983C2-8C60-4F45-8B7C-6DEAA8F7DDE9}.Debug|x86.ActiveCfg = Debug|Any CPU
		{0EA983C2-8C60-4F45-8B7C-6DEAA8F7DDE9}.Debug|x86.Build.0 = Debug|Any CPU
		{0EA983C2-8C60-4F45-8B7C-6DEAA8F7DDE9}.Release|Any CPU.ActiveCfg = Release|Any CPU
		{0EA983C2-8C60-4F45-8B7C-6DEAA8F7DDE9}.Release|Any CPU.Build.0 = Release|Any CPU
		{0EA983C2-8C60-4F45-8B7C-6DEAA8F7DDE9}.Release|x64.ActiveCfg = Release|Any CPU
		{0EA983C2-8C60-4F45-8B7C-6DEAA8F7DDE9}.Release|x64.Build.0 = Release|Any CPU
		{0EA983C2-8C60-4F45-8B7C-6DEAA8F7DDE9}.Release|x86.ActiveCfg = Release|Any CPU
		{0EA983C2-8C60-4F45-8B7C-6DEAA8F7DDE9}.Release|x86.Build.0 = Release|Any CPU
	EndGlobalSection
	GlobalSection(SolutionProperties) = preSolution
		HideSolutionNode = FALSE
	EndGlobalSection
	GlobalSection(ExtensibilityGlobals) = postSolution
		SolutionGuid = {02A82F7D-D958-4CB2-9C6F-38AF04C9FBB5}
	EndGlobalSection
EndGlobal
