Microsoft Visual Studio Solution File, Format Version 12.00
# Visual Studio Version 16
VisualStudioVersion = 16.0.0.0
MinimumVisualStudioVersion = 16.0.0.0
Project("{9A19103F-16F7-4668-BE54-9A1E7A4F7556}") = "Sample", "Sample\Sample.csproj", "{8176B6FF-2CE1-4F7C-BE53-76B2818CDD73}"
EndProject
Project("{9A19103F-16F7-4668-BE54-9A1E7A4F7556}") = "Sample.Client", "Sample.Client\Sample.Client.csproj", "{79EB9C51-5001-4037-B844-7B368B74DEAD}"
EndProject
Global
	GlobalSection(SolutionConfigurationPlatforms) = preSolution
		Debug|Any CPU = Debug|Any CPU
		Debug|x64 = Debug|x64
		Debug|x86 = Debug|x86
		Release|Any CPU = Release|Any CPU
		Release|x64 = Release|x64
		Release|x86 = Release|x86
	EndGlobalSection
	GlobalSection(ProjectConfigurationPlatforms) = postSolution
		{79EB9C51-5001-4037-B844-7B368B74DEAD}.Debug|Any CPU.ActiveCfg = Debug|Any CPU
		{79EB9C51-5001-4037-B844-7B368B74DEAD}.Debug|Any CPU.Build.0 = Debug|Any CPU
		{79EB9C51-5001-4037-B844-7B368B74DEAD}.Debug|x64.ActiveCfg = Debug|Any CPU
		{79EB9C51-5001-4037-B844-7B368B74DEAD}.Debug|x64.Build.0 = Debug|Any CPU
		{79EB9C51-5001-4037-B844-7B368B74DEAD}.Debug|x86.ActiveCfg = Debug|Any CPU
		{79EB9C51-5001-4037-B844-7B368B74DEAD}.Debug|x86.Build.0 = Debug|Any CPU
		{79EB9C51-5001-4037-B844-7B368B74DEAD}.Release|Any CPU.ActiveCfg = Release|Any CPU
		{79EB9C51-5001-4037-B844-7B368B74DEAD}.Release|Any CPU.Build.0 = Release|Any CPU
		{79EB9C51-5001-4037-B844-7B368B74DEAD}.Release|x64.ActiveCfg = Release|Any CPU
		{79EB9C51-5001-4037-B844-7B368B74DEAD}.Release|x64.Build.0 = Release|Any CPU
		{79EB9C51-5001-4037-B844-7B368B74DEAD}.Release|x86.ActiveCfg = Release|Any CPU
		{79EB9C51-5001-4037-B844-7B368B74DEAD}.Release|x86.Build.0 = Release|Any CPU
		{8176B6FF-2CE1-4F7C-BE53-76B2818CDD73}.Debug|Any CPU.ActiveCfg = Debug|Any CPU
		{8176B6FF-2CE1-4F7C-BE53-76B2818CDD73}.Debug|Any CPU.Build.0 = Debug|Any CPU
		{8176B6FF-2CE1-4F7C-BE53-76B2818CDD73}.Debug|x64.ActiveCfg = Debug|Any CPU
		{8176B6FF-2CE1-4F7C-BE53-76B2818CDD73}.Debug|x64.Build.0 = Debug|Any CPU
		{8176B6FF-2CE1-4F7C-BE53-76B2818CDD73}.Debug|x86.ActiveCfg = Debug|Any CPU
		{8176B6FF-2CE1-4F7C-BE53-76B2818CDD73}.Debug|x86.Build.0 = Debug|Any CPU
		{8176B6FF-2CE1-4F7C-BE53-76B2818CDD73}.Release|Any CPU.ActiveCfg = Release|Any CPU
		{8176B6FF-2CE1-4F7C-BE53-76B2818CDD73}.Release|Any CPU.Build.0 = Release|Any CPU
		{8176B6FF-2CE1-4F7C-BE53-76B2818CDD73}.Release|x64.ActiveCfg = Release|Any CPU
		{8176B6FF-2CE1-4F7C-BE53-76B2818CDD73}.Release|x64.Build.0 = Release|Any CPU
		{8176B6FF-2CE1-4F7C-BE53-76B2818CDD73}.Release|x86.ActiveCfg = Release|Any CPU
		{8176B6FF-2CE1-4F7C-BE53-76B2818CDD73}.Release|x86.Build.0 = Release|Any CPU
	EndGlobalSection
	GlobalSection(SolutionProperties) = preSolution
		HideSolutionNode = FALSE
	EndGlobalSection
	GlobalSection(ExtensibilityGlobals) = postSolution
		SolutionGuid = {0EE6CF11-E536-41D0-A1AF-FC887940E8C2}
	EndGlobalSection
EndGlobal
