
Microsoft Visual Studio Solution File, Format Version 12.00
# Visual Studio Version 17
VisualStudioVersion = 17.0.31808.319
MinimumVisualStudioVersion = 10.0.40219.1
Project("{9A19103F-16F7-4668-BE54-9A1E7A4F7556}") = "BlazorState", "Source\BlazorState\BlazorState.csproj", "{DF355720-EA1E-4505-AE68-1D36BD0D4711}"
	ProjectSection(ProjectDependencies) = postProject
		{F6DD04E6-EE7E-492D-BF81-5CBA1F7C6EE2} = {F6DD04E6-EE7E-492D-BF81-5CBA1F7C6EE2}
	EndProjectSection
EndProject
Project("{2150E333-8FDC-42A3-9474-1A3956D46DE8}") = "Tests", "Tests", "{2902FDFD-016E-4BF7-8B41-53D674FA53DD}"
EndProject
Project("{9A19103F-16F7-4668-BE54-9A1E7A4F7556}") = "TestApp.Client", "Tests\TestApp\Client\TestApp.Client.csproj", "{C98290C5-6C90-4A36-A561-E96FF367727C}"
EndProject
Project("{2150E333-8FDC-42A3-9474-1A3956D46DE8}") = "TestApp", "TestApp", "{50D398DD-1384-4FF3-9415-E46F5DC2E79F}"
EndProject
Project("{9A19103F-16F7-4668-BE54-9A1E7A4F7556}") = "TestApp.Api", "Tests\TestApp\Api\TestApp.Api.csproj", "{9C1235D1-6695-4A82-9FC3-3CA3257E5D7C}"
EndProject
Project("{9A19103F-16F7-4668-BE54-9A1E7A4F7556}") = "TestApp.Client.Integration.Tests", "Tests\Client.Integration.Tests\TestApp.Client.Integration.Tests.csproj", "{9F7FD8F4-C4B2-4EB4-819B-0DAB95620C24}"
EndProject
Project("{9A19103F-16F7-4668-BE54-9A1E7A4F7556}") = "TestApp.Server.Integration.Tests", "Tests\Server.Integration.Tests\TestApp.Server.Integration.Tests.csproj", "{37FFCA3B-6533-4262-8913-1E62EC0034CA}"
EndProject
Project("{9A19103F-16F7-4668-BE54-9A1E7A4F7556}") = "TestApp.Server", "Tests\TestApp\Server\TestApp.Server.csproj", "{26D026AD-762A-4EE9-AC1B-FCE1CF5767E9}"
EndProject
Project("{2150E333-8FDC-42A3-9474-1A3956D46DE8}") = "Solution Items", "Solution Items", "{CFD8811F-C0A5-42E0-AF4D-29D3620CBA7D}"
	ProjectSection(SolutionItems) = preProject
		.editorconfig = .editorconfig
		.gitignore = .gitignore
		Directory.Build.props = Directory.Build.props
		Directory.Packages.props = Directory.Packages.props
		Build\documentation.yml = Build\documentation.yml
		global.json = global.json
		NuGet.config = NuGet.config
	EndProjectSection
EndProject
Project("{2150E333-8FDC-42A3-9474-1A3956D46DE8}") = "Samples", "Samples", "{FA456F71-9A99-4869-970E-9D5C9A1E6C9F}"
EndProject
Project("{2150E333-8FDC-42A3-9474-1A3956D46DE8}") = "Tutorial", "Tutorial", "{243A5B2C-5E9D-432B-A258-7BCE33645683}"
EndProject
Project("{9A19103F-16F7-4668-BE54-9A1E7A4F7556}") = "Sample.Server", "Samples\01-StateActionsHandlers\Sample\Server\Sample.Server.csproj", "{0A6F5973-2DFD-4B46-8B2F-13556B5103A0}"
EndProject
Project("{9A19103F-16F7-4668-BE54-9A1E7A4F7556}") = "Sample.Shared", "Samples\01-StateActionsHandlers\Sample\Shared\Sample.Shared.csproj", "{845B863B-C1DB-4C17-8975-FBD380FBD1EC}"
EndProject
Project("{9A19103F-16F7-4668-BE54-9A1E7A4F7556}") = "Sample.Client", "Samples\01-StateActionsHandlers\Sample\Client\Sample.Client.csproj", "{A9C096EC-DE7B-4E61-8D8C-854037C214A4}"
EndProject
Project("{9A19103F-16F7-4668-BE54-9A1E7A4F7556}") = "BlazorStateAnalyzer", "Source\BlazorStateAnalyzer\BlazorStateAnalyzer.csproj", "{F6DD04E6-EE7E-492D-BF81-5CBA1F7C6EE2}"
EndProject
Project("{2150E333-8FDC-42A3-9474-1A3956D46DE8}") = "SampleDotNet8", "SampleDotNet8", "{038C74C2-EECC-4EA2-AF48-A8A85E942EC4}"
EndProject
Project("{9A19103F-16F7-4668-BE54-9A1E7A4F7556}") = "SampleDotNet8", "Samples\01-StateActionsHandlers\SampleDotNet8\SampleDotNet8\SampleDotNet8.csproj", "{32E31AA5-71A0-4B61-8D29-5CF9C63893FE}"
EndProject
Project("{9A19103F-16F7-4668-BE54-9A1E7A4F7556}") = "SampleDotNet8.Client", "Samples\01-StateActionsHandlers\SampleDotNet8\SampleDotNet8.Client\SampleDotNet8.Client.csproj", "{5CB54165-1F46-448A-9827-2C4F03E28A0D}"
EndProject
Project("{9A19103F-16F7-4668-BE54-9A1E7A4F7556}") = "TimeWarp.State.Middleware", "Source\TimeWarp.State.Middleware\TimeWarp.State.Middleware.csproj", "{6ED520FE-F6F0-4349-92BD-86C66A48A39E}"
EndProject
Project("{9A19103F-16F7-4668-BE54-9A1E7A4F7556}") = "BlazorStateAnalyzer.Tests", "Tests\BlazorStateAnalyzer.Tests\BlazorStateAnalyzer.Tests.csproj", "{42C84D63-112E-4A35-98DE-DFCB3EA5A452}"
EndProject
Project("{2150E333-8FDC-42A3-9474-1A3956D46DE8}") = "Test.App", "Test.App", "{B96A36DB-E4B3-412D-A9BB-7E97A9D042F4}"
EndProject
Project("{FAE04EC0-301F-11D3-BF4B-00C04F79EFBC}") = "Test.App.Server", "Tests\Test.App\Test.App.Server\Test.App.Server.csproj", "{987E1838-715E-4D11-85AC-575F90F94E07}"
EndProject
Project("{FAE04EC0-301F-11D3-BF4B-00C04F79EFBC}") = "Test.App.Client", "Tests\Test.App\Test.App.Client\Test.App.Client.csproj", "{32843547-4F68-4720-9F8A-27A06B912E5C}"
EndProject
Project("{FAE04EC0-301F-11D3-BF4B-00C04F79EFBC}") = "Test.App.Contracts", "Tests\Test.App\Test.App.Contracts\Test.App.Contracts.csproj", "{8891678E-2973-403B-9205-2DB2AEA6D7F7}"
EndProject
Project("{FAE04EC0-301F-11D3-BF4B-00C04F79EFBC}") = "TimeWarp.State.SourceGenerator", "Source\TimeWarp.State.SourceGenerator\TimeWarp.State.SourceGenerator.csproj", "{0F284DE4-210E-4012-AA97-F5D2AA393E4E}"
EndProject
Global
	GlobalSection(SolutionConfigurationPlatforms) = preSolution
		Debug|Any CPU = Debug|Any CPU
		ReduxDevToolsEnabled|Any CPU = ReduxDevToolsEnabled|Any CPU
		Release|Any CPU = Release|Any CPU
	EndGlobalSection
	GlobalSection(ProjectConfigurationPlatforms) = postSolution
		{DF355720-EA1E-4505-AE68-1D36BD0D4711}.Debug|Any CPU.ActiveCfg = Debug|Any CPU
		{DF355720-EA1E-4505-AE68-1D36BD0D4711}.Debug|Any CPU.Build.0 = Debug|Any CPU
		{DF355720-EA1E-4505-AE68-1D36BD0D4711}.ReduxDevToolsEnabled|Any CPU.ActiveCfg = ReduxDevToolsEnabled|Any CPU
		{DF355720-EA1E-4505-AE68-1D36BD0D4711}.ReduxDevToolsEnabled|Any CPU.Build.0 = ReduxDevToolsEnabled|Any CPU
		{DF355720-EA1E-4505-AE68-1D36BD0D4711}.Release|Any CPU.ActiveCfg = Release|Any CPU
		{DF355720-EA1E-4505-AE68-1D36BD0D4711}.Release|Any CPU.Build.0 = Release|Any CPU
		{C98290C5-6C90-4A36-A561-E96FF367727C}.Debug|Any CPU.ActiveCfg = Debug|Any CPU
		{C98290C5-6C90-4A36-A561-E96FF367727C}.Debug|Any CPU.Build.0 = Debug|Any CPU
		{C98290C5-6C90-4A36-A561-E96FF367727C}.ReduxDevToolsEnabled|Any CPU.ActiveCfg = ReduxDevToolsEnabled|Any CPU
		{C98290C5-6C90-4A36-A561-E96FF367727C}.ReduxDevToolsEnabled|Any CPU.Build.0 = ReduxDevToolsEnabled|Any CPU
		{C98290C5-6C90-4A36-A561-E96FF367727C}.Release|Any CPU.ActiveCfg = Release|Any CPU
		{C98290C5-6C90-4A36-A561-E96FF367727C}.Release|Any CPU.Build.0 = Release|Any CPU
		{9C1235D1-6695-4A82-9FC3-3CA3257E5D7C}.Debug|Any CPU.ActiveCfg = Debug|Any CPU
		{9C1235D1-6695-4A82-9FC3-3CA3257E5D7C}.Debug|Any CPU.Build.0 = Debug|Any CPU
		{9C1235D1-6695-4A82-9FC3-3CA3257E5D7C}.ReduxDevToolsEnabled|Any CPU.ActiveCfg = ReduxDevToolsEnabled|Any CPU
		{9C1235D1-6695-4A82-9FC3-3CA3257E5D7C}.ReduxDevToolsEnabled|Any CPU.Build.0 = ReduxDevToolsEnabled|Any CPU
		{9C1235D1-6695-4A82-9FC3-3CA3257E5D7C}.Release|Any CPU.ActiveCfg = Release|Any CPU
		{9C1235D1-6695-4A82-9FC3-3CA3257E5D7C}.Release|Any CPU.Build.0 = Release|Any CPU
		{9F7FD8F4-C4B2-4EB4-819B-0DAB95620C24}.Debug|Any CPU.ActiveCfg = Debug|Any CPU
		{9F7FD8F4-C4B2-4EB4-819B-0DAB95620C24}.Debug|Any CPU.Build.0 = Debug|Any CPU
		{9F7FD8F4-C4B2-4EB4-819B-0DAB95620C24}.ReduxDevToolsEnabled|Any CPU.ActiveCfg = ReduxDevToolsEnabled|Any CPU
		{9F7FD8F4-C4B2-4EB4-819B-0DAB95620C24}.ReduxDevToolsEnabled|Any CPU.Build.0 = ReduxDevToolsEnabled|Any CPU
		{9F7FD8F4-C4B2-4EB4-819B-0DAB95620C24}.Release|Any CPU.ActiveCfg = Release|Any CPU
		{9F7FD8F4-C4B2-4EB4-819B-0DAB95620C24}.Release|Any CPU.Build.0 = Release|Any CPU
		{37FFCA3B-6533-4262-8913-1E62EC0034CA}.Debug|Any CPU.ActiveCfg = Debug|Any CPU
		{37FFCA3B-6533-4262-8913-1E62EC0034CA}.Debug|Any CPU.Build.0 = Debug|Any CPU
		{37FFCA3B-6533-4262-8913-1E62EC0034CA}.ReduxDevToolsEnabled|Any CPU.ActiveCfg = ReduxDevToolsEnabled|Any CPU
		{37FFCA3B-6533-4262-8913-1E62EC0034CA}.ReduxDevToolsEnabled|Any CPU.Build.0 = ReduxDevToolsEnabled|Any CPU
		{37FFCA3B-6533-4262-8913-1E62EC0034CA}.Release|Any CPU.ActiveCfg = Release|Any CPU
		{37FFCA3B-6533-4262-8913-1E62EC0034CA}.Release|Any CPU.Build.0 = Release|Any CPU
		{26D026AD-762A-4EE9-AC1B-FCE1CF5767E9}.Debug|Any CPU.ActiveCfg = Debug|Any CPU
		{26D026AD-762A-4EE9-AC1B-FCE1CF5767E9}.Debug|Any CPU.Build.0 = Debug|Any CPU
		{26D026AD-762A-4EE9-AC1B-FCE1CF5767E9}.ReduxDevToolsEnabled|Any CPU.ActiveCfg = Debug|Any CPU
		{26D026AD-762A-4EE9-AC1B-FCE1CF5767E9}.ReduxDevToolsEnabled|Any CPU.Build.0 = Debug|Any CPU
		{26D026AD-762A-4EE9-AC1B-FCE1CF5767E9}.Release|Any CPU.ActiveCfg = Release|Any CPU
		{26D026AD-762A-4EE9-AC1B-FCE1CF5767E9}.Release|Any CPU.Build.0 = Release|Any CPU
		{0A6F5973-2DFD-4B46-8B2F-13556B5103A0}.Debug|Any CPU.ActiveCfg = Debug|Any CPU
		{0A6F5973-2DFD-4B46-8B2F-13556B5103A0}.Debug|Any CPU.Build.0 = Debug|Any CPU
		{0A6F5973-2DFD-4B46-8B2F-13556B5103A0}.ReduxDevToolsEnabled|Any CPU.ActiveCfg = Release|Any CPU
		{0A6F5973-2DFD-4B46-8B2F-13556B5103A0}.ReduxDevToolsEnabled|Any CPU.Build.0 = Release|Any CPU
		{0A6F5973-2DFD-4B46-8B2F-13556B5103A0}.Release|Any CPU.ActiveCfg = Release|Any CPU
		{0A6F5973-2DFD-4B46-8B2F-13556B5103A0}.Release|Any CPU.Build.0 = Release|Any CPU
		{845B863B-C1DB-4C17-8975-FBD380FBD1EC}.Debug|Any CPU.ActiveCfg = Debug|Any CPU
		{845B863B-C1DB-4C17-8975-FBD380FBD1EC}.Debug|Any CPU.Build.0 = Debug|Any CPU
		{845B863B-C1DB-4C17-8975-FBD380FBD1EC}.ReduxDevToolsEnabled|Any CPU.ActiveCfg = Release|Any CPU
		{845B863B-C1DB-4C17-8975-FBD380FBD1EC}.ReduxDevToolsEnabled|Any CPU.Build.0 = Release|Any CPU
		{845B863B-C1DB-4C17-8975-FBD380FBD1EC}.Release|Any CPU.ActiveCfg = Release|Any CPU
		{845B863B-C1DB-4C17-8975-FBD380FBD1EC}.Release|Any CPU.Build.0 = Release|Any CPU
		{A9C096EC-DE7B-4E61-8D8C-854037C214A4}.Debug|Any CPU.ActiveCfg = Debug|Any CPU
		{A9C096EC-DE7B-4E61-8D8C-854037C214A4}.Debug|Any CPU.Build.0 = Debug|Any CPU
		{A9C096EC-DE7B-4E61-8D8C-854037C214A4}.ReduxDevToolsEnabled|Any CPU.ActiveCfg = Release|Any CPU
		{A9C096EC-DE7B-4E61-8D8C-854037C214A4}.ReduxDevToolsEnabled|Any CPU.Build.0 = Release|Any CPU
		{A9C096EC-DE7B-4E61-8D8C-854037C214A4}.Release|Any CPU.ActiveCfg = Release|Any CPU
		{A9C096EC-DE7B-4E61-8D8C-854037C214A4}.Release|Any CPU.Build.0 = Release|Any CPU
		{F6DD04E6-EE7E-492D-BF81-5CBA1F7C6EE2}.Debug|Any CPU.ActiveCfg = Debug|Any CPU
		{F6DD04E6-EE7E-492D-BF81-5CBA1F7C6EE2}.Debug|Any CPU.Build.0 = Debug|Any CPU
		{F6DD04E6-EE7E-492D-BF81-5CBA1F7C6EE2}.ReduxDevToolsEnabled|Any CPU.ActiveCfg = Release|Any CPU
		{F6DD04E6-EE7E-492D-BF81-5CBA1F7C6EE2}.ReduxDevToolsEnabled|Any CPU.Build.0 = Release|Any CPU
		{F6DD04E6-EE7E-492D-BF81-5CBA1F7C6EE2}.Release|Any CPU.ActiveCfg = Release|Any CPU
		{F6DD04E6-EE7E-492D-BF81-5CBA1F7C6EE2}.Release|Any CPU.Build.0 = Release|Any CPU
		{32E31AA5-71A0-4B61-8D29-5CF9C63893FE}.Debug|Any CPU.ActiveCfg = Debug|Any CPU
		{32E31AA5-71A0-4B61-8D29-5CF9C63893FE}.Debug|Any CPU.Build.0 = Debug|Any CPU
		{32E31AA5-71A0-4B61-8D29-5CF9C63893FE}.ReduxDevToolsEnabled|Any CPU.ActiveCfg = Release|Any CPU
		{32E31AA5-71A0-4B61-8D29-5CF9C63893FE}.ReduxDevToolsEnabled|Any CPU.Build.0 = Release|Any CPU
		{32E31AA5-71A0-4B61-8D29-5CF9C63893FE}.Release|Any CPU.ActiveCfg = Release|Any CPU
		{32E31AA5-71A0-4B61-8D29-5CF9C63893FE}.Release|Any CPU.Build.0 = Release|Any CPU
		{5CB54165-1F46-448A-9827-2C4F03E28A0D}.Debug|Any CPU.ActiveCfg = Debug|Any CPU
		{5CB54165-1F46-448A-9827-2C4F03E28A0D}.Debug|Any CPU.Build.0 = Debug|Any CPU
		{5CB54165-1F46-448A-9827-2C4F03E28A0D}.ReduxDevToolsEnabled|Any CPU.ActiveCfg = Release|Any CPU
		{5CB54165-1F46-448A-9827-2C4F03E28A0D}.ReduxDevToolsEnabled|Any CPU.Build.0 = Release|Any CPU
		{5CB54165-1F46-448A-9827-2C4F03E28A0D}.Release|Any CPU.ActiveCfg = Release|Any CPU
		{5CB54165-1F46-448A-9827-2C4F03E28A0D}.Release|Any CPU.Build.0 = Release|Any CPU
		{6ED520FE-F6F0-4349-92BD-86C66A48A39E}.Debug|Any CPU.ActiveCfg = Debug|Any CPU
		{6ED520FE-F6F0-4349-92BD-86C66A48A39E}.Debug|Any CPU.Build.0 = Debug|Any CPU
		{6ED520FE-F6F0-4349-92BD-86C66A48A39E}.ReduxDevToolsEnabled|Any CPU.ActiveCfg = Release|Any CPU
		{6ED520FE-F6F0-4349-92BD-86C66A48A39E}.ReduxDevToolsEnabled|Any CPU.Build.0 = Release|Any CPU
		{6ED520FE-F6F0-4349-92BD-86C66A48A39E}.Release|Any CPU.ActiveCfg = Release|Any CPU
		{6ED520FE-F6F0-4349-92BD-86C66A48A39E}.Release|Any CPU.Build.0 = Release|Any CPU
		{42C84D63-112E-4A35-98DE-DFCB3EA5A452}.Debug|Any CPU.ActiveCfg = Debug|Any CPU
		{42C84D63-112E-4A35-98DE-DFCB3EA5A452}.Debug|Any CPU.Build.0 = Debug|Any CPU
		{42C84D63-112E-4A35-98DE-DFCB3EA5A452}.ReduxDevToolsEnabled|Any CPU.ActiveCfg = Debug|Any CPU
		{42C84D63-112E-4A35-98DE-DFCB3EA5A452}.ReduxDevToolsEnabled|Any CPU.Build.0 = Debug|Any CPU
		{42C84D63-112E-4A35-98DE-DFCB3EA5A452}.Release|Any CPU.ActiveCfg = Release|Any CPU
		{42C84D63-112E-4A35-98DE-DFCB3EA5A452}.Release|Any CPU.Build.0 = Release|Any CPU
		{987E1838-715E-4D11-85AC-575F90F94E07}.Debug|Any CPU.ActiveCfg = Debug|Any CPU
		{987E1838-715E-4D11-85AC-575F90F94E07}.Debug|Any CPU.Build.0 = Debug|Any CPU
		{987E1838-715E-4D11-85AC-575F90F94E07}.ReduxDevToolsEnabled|Any CPU.ActiveCfg = Debug|Any CPU
		{987E1838-715E-4D11-85AC-575F90F94E07}.ReduxDevToolsEnabled|Any CPU.Build.0 = Debug|Any CPU
		{987E1838-715E-4D11-85AC-575F90F94E07}.Release|Any CPU.ActiveCfg = Release|Any CPU
		{987E1838-715E-4D11-85AC-575F90F94E07}.Release|Any CPU.Build.0 = Release|Any CPU
		{32843547-4F68-4720-9F8A-27A06B912E5C}.Debug|Any CPU.ActiveCfg = Debug|Any CPU
		{32843547-4F68-4720-9F8A-27A06B912E5C}.Debug|Any CPU.Build.0 = Debug|Any CPU
		{32843547-4F68-4720-9F8A-27A06B912E5C}.ReduxDevToolsEnabled|Any CPU.ActiveCfg = Debug|Any CPU
		{32843547-4F68-4720-9F8A-27A06B912E5C}.ReduxDevToolsEnabled|Any CPU.Build.0 = Debug|Any CPU
		{32843547-4F68-4720-9F8A-27A06B912E5C}.Release|Any CPU.ActiveCfg = Release|Any CPU
		{32843547-4F68-4720-9F8A-27A06B912E5C}.Release|Any CPU.Build.0 = Release|Any CPU
		{8891678E-2973-403B-9205-2DB2AEA6D7F7}.Debug|Any CPU.ActiveCfg = Debug|Any CPU
		{8891678E-2973-403B-9205-2DB2AEA6D7F7}.Debug|Any CPU.Build.0 = Debug|Any CPU
		{8891678E-2973-403B-9205-2DB2AEA6D7F7}.ReduxDevToolsEnabled|Any CPU.ActiveCfg = Debug|Any CPU
		{8891678E-2973-403B-9205-2DB2AEA6D7F7}.ReduxDevToolsEnabled|Any CPU.Build.0 = Debug|Any CPU
		{8891678E-2973-403B-9205-2DB2AEA6D7F7}.Release|Any CPU.ActiveCfg = Release|Any CPU
		{8891678E-2973-403B-9205-2DB2AEA6D7F7}.Release|Any CPU.Build.0 = Release|Any CPU
		{0F284DE4-210E-4012-AA97-F5D2AA393E4E}.Debug|Any CPU.ActiveCfg = Debug|Any CPU
		{0F284DE4-210E-4012-AA97-F5D2AA393E4E}.Debug|Any CPU.Build.0 = Debug|Any CPU
		{0F284DE4-210E-4012-AA97-F5D2AA393E4E}.ReduxDevToolsEnabled|Any CPU.ActiveCfg = Debug|Any CPU
		{0F284DE4-210E-4012-AA97-F5D2AA393E4E}.ReduxDevToolsEnabled|Any CPU.Build.0 = Debug|Any CPU
		{0F284DE4-210E-4012-AA97-F5D2AA393E4E}.Release|Any CPU.ActiveCfg = Release|Any CPU
		{0F284DE4-210E-4012-AA97-F5D2AA393E4E}.Release|Any CPU.Build.0 = Release|Any CPU
	EndGlobalSection
	GlobalSection(SolutionProperties) = preSolution
		HideSolutionNode = FALSE
	EndGlobalSection
	GlobalSection(NestedProjects) = preSolution
		{C98290C5-6C90-4A36-A561-E96FF367727C} = {50D398DD-1384-4FF3-9415-E46F5DC2E79F}
		{50D398DD-1384-4FF3-9415-E46F5DC2E79F} = {2902FDFD-016E-4BF7-8B41-53D674FA53DD}
		{9C1235D1-6695-4A82-9FC3-3CA3257E5D7C} = {50D398DD-1384-4FF3-9415-E46F5DC2E79F}
		{9F7FD8F4-C4B2-4EB4-819B-0DAB95620C24} = {2902FDFD-016E-4BF7-8B41-53D674FA53DD}
		{37FFCA3B-6533-4262-8913-1E62EC0034CA} = {2902FDFD-016E-4BF7-8B41-53D674FA53DD}
		{26D026AD-762A-4EE9-AC1B-FCE1CF5767E9} = {50D398DD-1384-4FF3-9415-E46F5DC2E79F}
		{243A5B2C-5E9D-432B-A258-7BCE33645683} = {FA456F71-9A99-4869-970E-9D5C9A1E6C9F}
		{0A6F5973-2DFD-4B46-8B2F-13556B5103A0} = {243A5B2C-5E9D-432B-A258-7BCE33645683}
		{845B863B-C1DB-4C17-8975-FBD380FBD1EC} = {243A5B2C-5E9D-432B-A258-7BCE33645683}
		{A9C096EC-DE7B-4E61-8D8C-854037C214A4} = {243A5B2C-5E9D-432B-A258-7BCE33645683}
		{038C74C2-EECC-4EA2-AF48-A8A85E942EC4} = {243A5B2C-5E9D-432B-A258-7BCE33645683}
		{32E31AA5-71A0-4B61-8D29-5CF9C63893FE} = {038C74C2-EECC-4EA2-AF48-A8A85E942EC4}
		{5CB54165-1F46-448A-9827-2C4F03E28A0D} = {038C74C2-EECC-4EA2-AF48-A8A85E942EC4}
		{42C84D63-112E-4A35-98DE-DFCB3EA5A452} = {2902FDFD-016E-4BF7-8B41-53D674FA53DD}
		{B96A36DB-E4B3-412D-A9BB-7E97A9D042F4} = {2902FDFD-016E-4BF7-8B41-53D674FA53DD}
		{987E1838-715E-4D11-85AC-575F90F94E07} = {B96A36DB-E4B3-412D-A9BB-7E97A9D042F4}
		{32843547-4F68-4720-9F8A-27A06B912E5C} = {B96A36DB-E4B3-412D-A9BB-7E97A9D042F4}
		{8891678E-2973-403B-9205-2DB2AEA6D7F7} = {B96A36DB-E4B3-412D-A9BB-7E97A9D042F4}
	EndGlobalSection
	GlobalSection(ExtensibilityGlobals) = postSolution
		SolutionGuid = {16FA64C2-4A0E-42D4-94E6-C8CFDE84597E}
	EndGlobalSection
EndGlobal
