
Microsoft Visual Studio Solution File, Format Version 12.00
# Visual Studio 15
VisualStudioVersion = 15.0.27604.0
MinimumVisualStudioVersion = 10.0.40219.1
Project("{9A19103F-16F7-4668-BE54-9A1E7A4F7556}") = "BlazorState.Server", "samples\BlazorState.Server\BlazorState.Server.csproj", "{033AE0DF-530E-4DB6-8519-74D202F73B1F}"
EndProject
Project("{9A19103F-16F7-4668-BE54-9A1E7A4F7556}") = "BlazorState.Client", "samples\BlazorState.Client\BlazorState.Client.csproj", "{1D6C4BA2-5DF0-40C5-A5FD-34B89AD96B94}"
EndProject
Project("{9A19103F-16F7-4668-BE54-9A1E7A4F7556}") = "BlazorState.Shared", "samples\BlazorState.Shared\BlazorState.Shared.csproj", "{02E9D005-F79E-4AE8-9510-3BDE5F8799BD}"
EndProject
Project("{9A19103F-16F7-4668-BE54-9A1E7A4F7556}") = "BlazorState", "source\BlazorState\BlazorState.csproj", "{DF355720-EA1E-4505-AE68-1D36BD0D4711}"
EndProject
Project("{2150E333-8FDC-42A3-9474-1A3956D46DE8}") = "Samples", "Samples", "{437186AC-1CB6-4FE4-8C36-0C2F135021C9}"
EndProject
Project("{2150E333-8FDC-42A3-9474-1A3956D46DE8}") = "Hosted", "Hosted", "{7876E7E1-BDB1-42B4-B5F3-2C524F372195}"
EndProject
Project("{9A19103F-16F7-4668-BE54-9A1E7A4F7556}") = "BlazorStateSample.Server", "samples\BlazorStateSample\BlazorStateSample.Server\BlazorStateSample.Server.csproj", "{B7D76903-D4CF-4C43-86CC-1C6F9089E95D}"
EndProject
Project("{9A19103F-16F7-4668-BE54-9A1E7A4F7556}") = "BlazorStateSample.Client", "samples\BlazorStateSample\BlazorStateSample.Client\BlazorStateSample.Client.csproj", "{28D4B029-1886-4648-BA9F-4D65DE6E406D}"
EndProject
Project("{9A19103F-16F7-4668-BE54-9A1E7A4F7556}") = "BlazorStateSample.Shared", "samples\BlazorStateSample\BlazorStateSample.Shared\BlazorStateSample.Shared.csproj", "{345CF583-F678-4089-A636-4B81B56FC34B}"
EndProject
Project("{9A19103F-16F7-4668-BE54-9A1E7A4F7556}") = "BlazorState.Js", "source\BlazorState.Js\BlazorState.Js.csproj", "{51173297-32B7-473E-BA34-788B8E022536}"
EndProject
Project("{9A19103F-16F7-4668-BE54-9A1E7A4F7556}") = "BlazorState.Unit.Tests", "test\BlazorState.Unit.Tests\BlazorState.Unit.Tests.csproj", "{F72003E0-EE6F-41F0-9D6F-635A952B94E0}"
EndProject
Project("{9A19103F-16F7-4668-BE54-9A1E7A4F7556}") = "BlazorState.Integration.Tests", "test\BlazorState.Integration.Tests\BlazorState.Integration.Tests.csproj", "{DF145EBE-FCB3-44C6-8890-40653E7C0384}"
EndProject
Project("{2150E333-8FDC-42A3-9474-1A3956D46DE8}") = "Tests", "Tests", "{2902FDFD-016E-4BF7-8B41-53D674FA53DD}"
EndProject
Project("{9A19103F-16F7-4668-BE54-9A1E7A4F7556}") = "BlazorState.EndToEnd.Xuint.Tests", "test\BlazorState.EndToEnd.Xunit.Tests\BlazorState.EndToEnd.Xuint.Tests.csproj", "{C490D003-9B60-4267-97B6-417246816C24}"
EndProject
Project("{2150E333-8FDC-42A3-9474-1A3956D46DE8}") = "Tests", "Tests", "{23A299E1-4F24-4DC8-A699-F04A8B35B76C}"
EndProject
Project("{FAE04EC0-301F-11D3-BF4B-00C04F79EFBC}") = "BlazorState.EndToEnd.Tests", "test\BlazorState.EndToEnd.Tests\BlazorState.EndToEnd.Tests.csproj", "{2C4878C7-B7FD-4F12-B54D-3A2223A40FB6}"
EndProject
Global
	GlobalSection(SolutionConfigurationPlatforms) = preSolution
		Debug|Any CPU = Debug|Any CPU
		Release|Any CPU = Release|Any CPU
	EndGlobalSection
	GlobalSection(ProjectConfigurationPlatforms) = postSolution
		{033AE0DF-530E-4DB6-8519-74D202F73B1F}.Debug|Any CPU.ActiveCfg = Debug|Any CPU
		{033AE0DF-530E-4DB6-8519-74D202F73B1F}.Debug|Any CPU.Build.0 = Debug|Any CPU
		{033AE0DF-530E-4DB6-8519-74D202F73B1F}.Release|Any CPU.ActiveCfg = Release|Any CPU
		{033AE0DF-530E-4DB6-8519-74D202F73B1F}.Release|Any CPU.Build.0 = Release|Any CPU
		{1D6C4BA2-5DF0-40C5-A5FD-34B89AD96B94}.Debug|Any CPU.ActiveCfg = Debug|Any CPU
		{1D6C4BA2-5DF0-40C5-A5FD-34B89AD96B94}.Debug|Any CPU.Build.0 = Debug|Any CPU
		{1D6C4BA2-5DF0-40C5-A5FD-34B89AD96B94}.Release|Any CPU.ActiveCfg = Release|Any CPU
		{1D6C4BA2-5DF0-40C5-A5FD-34B89AD96B94}.Release|Any CPU.Build.0 = Release|Any CPU
		{02E9D005-F79E-4AE8-9510-3BDE5F8799BD}.Debug|Any CPU.ActiveCfg = Debug|Any CPU
		{02E9D005-F79E-4AE8-9510-3BDE5F8799BD}.Debug|Any CPU.Build.0 = Debug|Any CPU
		{02E9D005-F79E-4AE8-9510-3BDE5F8799BD}.Release|Any CPU.ActiveCfg = Release|Any CPU
		{02E9D005-F79E-4AE8-9510-3BDE5F8799BD}.Release|Any CPU.Build.0 = Release|Any CPU
		{DF355720-EA1E-4505-AE68-1D36BD0D4711}.Debug|Any CPU.ActiveCfg = Debug|Any CPU
		{DF355720-EA1E-4505-AE68-1D36BD0D4711}.Debug|Any CPU.Build.0 = Debug|Any CPU
		{DF355720-EA1E-4505-AE68-1D36BD0D4711}.Release|Any CPU.ActiveCfg = Release|Any CPU
		{DF355720-EA1E-4505-AE68-1D36BD0D4711}.Release|Any CPU.Build.0 = Release|Any CPU
		{B7D76903-D4CF-4C43-86CC-1C6F9089E95D}.Debug|Any CPU.ActiveCfg = Debug|Any CPU
		{B7D76903-D4CF-4C43-86CC-1C6F9089E95D}.Debug|Any CPU.Build.0 = Debug|Any CPU
		{B7D76903-D4CF-4C43-86CC-1C6F9089E95D}.Release|Any CPU.ActiveCfg = Release|Any CPU
		{B7D76903-D4CF-4C43-86CC-1C6F9089E95D}.Release|Any CPU.Build.0 = Release|Any CPU
		{28D4B029-1886-4648-BA9F-4D65DE6E406D}.Debug|Any CPU.ActiveCfg = Debug|Any CPU
		{28D4B029-1886-4648-BA9F-4D65DE6E406D}.Debug|Any CPU.Build.0 = Debug|Any CPU
		{28D4B029-1886-4648-BA9F-4D65DE6E406D}.Release|Any CPU.ActiveCfg = Release|Any CPU
		{28D4B029-1886-4648-BA9F-4D65DE6E406D}.Release|Any CPU.Build.0 = Release|Any CPU
		{345CF583-F678-4089-A636-4B81B56FC34B}.Debug|Any CPU.ActiveCfg = Debug|Any CPU
		{345CF583-F678-4089-A636-4B81B56FC34B}.Debug|Any CPU.Build.0 = Debug|Any CPU
		{345CF583-F678-4089-A636-4B81B56FC34B}.Release|Any CPU.ActiveCfg = Release|Any CPU
		{345CF583-F678-4089-A636-4B81B56FC34B}.Release|Any CPU.Build.0 = Release|Any CPU
		{51173297-32B7-473E-BA34-788B8E022536}.Debug|Any CPU.ActiveCfg = Debug|Any CPU
		{51173297-32B7-473E-BA34-788B8E022536}.Debug|Any CPU.Build.0 = Debug|Any CPU
		{51173297-32B7-473E-BA34-788B8E022536}.Release|Any CPU.ActiveCfg = Release|Any CPU
		{51173297-32B7-473E-BA34-788B8E022536}.Release|Any CPU.Build.0 = Release|Any CPU
		{F72003E0-EE6F-41F0-9D6F-635A952B94E0}.Debug|Any CPU.ActiveCfg = Debug|Any CPU
		{F72003E0-EE6F-41F0-9D6F-635A952B94E0}.Debug|Any CPU.Build.0 = Debug|Any CPU
		{F72003E0-EE6F-41F0-9D6F-635A952B94E0}.Release|Any CPU.ActiveCfg = Release|Any CPU
		{F72003E0-EE6F-41F0-9D6F-635A952B94E0}.Release|Any CPU.Build.0 = Release|Any CPU
		{DF145EBE-FCB3-44C6-8890-40653E7C0384}.Debug|Any CPU.ActiveCfg = Debug|Any CPU
		{DF145EBE-FCB3-44C6-8890-40653E7C0384}.Debug|Any CPU.Build.0 = Debug|Any CPU
		{DF145EBE-FCB3-44C6-8890-40653E7C0384}.Release|Any CPU.ActiveCfg = Release|Any CPU
		{DF145EBE-FCB3-44C6-8890-40653E7C0384}.Release|Any CPU.Build.0 = Release|Any CPU
		{C490D003-9B60-4267-97B6-417246816C24}.Debug|Any CPU.ActiveCfg = Debug|Any CPU
		{C490D003-9B60-4267-97B6-417246816C24}.Debug|Any CPU.Build.0 = Debug|Any CPU
		{C490D003-9B60-4267-97B6-417246816C24}.Release|Any CPU.ActiveCfg = Release|Any CPU
		{C490D003-9B60-4267-97B6-417246816C24}.Release|Any CPU.Build.0 = Release|Any CPU
		{2C4878C7-B7FD-4F12-B54D-3A2223A40FB6}.Debug|Any CPU.ActiveCfg = Debug|Any CPU
		{2C4878C7-B7FD-4F12-B54D-3A2223A40FB6}.Debug|Any CPU.Build.0 = Debug|Any CPU
		{2C4878C7-B7FD-4F12-B54D-3A2223A40FB6}.Release|Any CPU.ActiveCfg = Release|Any CPU
		{2C4878C7-B7FD-4F12-B54D-3A2223A40FB6}.Release|Any CPU.Build.0 = Release|Any CPU
	EndGlobalSection
	GlobalSection(SolutionProperties) = preSolution
		HideSolutionNode = FALSE
	EndGlobalSection
	GlobalSection(NestedProjects) = preSolution
		{033AE0DF-530E-4DB6-8519-74D202F73B1F} = {7876E7E1-BDB1-42B4-B5F3-2C524F372195}
		{1D6C4BA2-5DF0-40C5-A5FD-34B89AD96B94} = {7876E7E1-BDB1-42B4-B5F3-2C524F372195}
		{02E9D005-F79E-4AE8-9510-3BDE5F8799BD} = {7876E7E1-BDB1-42B4-B5F3-2C524F372195}
		{7876E7E1-BDB1-42B4-B5F3-2C524F372195} = {437186AC-1CB6-4FE4-8C36-0C2F135021C9}
		{B7D76903-D4CF-4C43-86CC-1C6F9089E95D} = {437186AC-1CB6-4FE4-8C36-0C2F135021C9}
		{28D4B029-1886-4648-BA9F-4D65DE6E406D} = {437186AC-1CB6-4FE4-8C36-0C2F135021C9}
		{345CF583-F678-4089-A636-4B81B56FC34B} = {437186AC-1CB6-4FE4-8C36-0C2F135021C9}
		{F72003E0-EE6F-41F0-9D6F-635A952B94E0} = {2902FDFD-016E-4BF7-8B41-53D674FA53DD}
		{DF145EBE-FCB3-44C6-8890-40653E7C0384} = {2902FDFD-016E-4BF7-8B41-53D674FA53DD}
		{C490D003-9B60-4267-97B6-417246816C24} = {2902FDFD-016E-4BF7-8B41-53D674FA53DD}
		{23A299E1-4F24-4DC8-A699-F04A8B35B76C} = {7876E7E1-BDB1-42B4-B5F3-2C524F372195}
		{2C4878C7-B7FD-4F12-B54D-3A2223A40FB6} = {23A299E1-4F24-4DC8-A699-F04A8B35B76C}
	EndGlobalSection
	GlobalSection(ExtensibilityGlobals) = postSolution
		SolutionGuid = {16FA64C2-4A0E-42D4-94E6-C8CFDE84597E}
	EndGlobalSection
EndGlobal
