
Microsoft Visual Studio Solution File, Format Version 12.00
# Visual Studio Version 17
VisualStudioVersion = 17.0.31808.319
MinimumVisualStudioVersion = 10.0.40219.1
Project("{9A19103F-16F7-4668-BE54-9A1E7A4F7556}") = "TimeWarp.State", "Source\TimeWarp.State\TimeWarp.State.csproj", "{DF355720-EA1E-4505-AE68-1D36BD0D4711}"
	ProjectSection(ProjectDependencies) = postProject
		{F6DD04E6-EE7E-492D-BF81-5CBA1F7C6EE2} = {F6DD04E6-EE7E-492D-BF81-5CBA1F7C6EE2}
	EndProjectSection
EndProject
Project("{2150E333-8FDC-42A3-9474-1A3956D46DE8}") = "Tests", "Tests", "{2902FDFD-016E-4BF7-8B41-53D674FA53DD}"
EndProject
Project("{2150E333-8FDC-42A3-9474-1A3956D46DE8}") = "Solution Items", "Solution Items", "{CFD8811F-C0A5-42E0-AF4D-29D3620CBA7D}"
	ProjectSection(SolutionItems) = preProject
		.editorconfig = .editorconfig
		.gitignore = .gitignore
		Directory.Build.props = Directory.Build.props
		Directory.Packages.props = Directory.Packages.props
		Build\documentation.yml = Build\documentation.yml
		global.json = global.json
		NuGet.config = NuGet.config
	EndProjectSection
EndProject
Project("{2150E333-8FDC-42A3-9474-1A3956D46DE8}") = "Samples", "Samples", "{FA456F71-9A99-4869-970E-9D5C9A1E6C9F}"
EndProject
Project("{9A19103F-16F7-4668-BE54-9A1E7A4F7556}") = "TimeWarp.State.Analyzer", "Source\TimeWarp.State.Analyzer\TimeWarp.State.Analyzer.csproj", "{F6DD04E6-EE7E-492D-BF81-5CBA1F7C6EE2}"
EndProject
Project("{9A19103F-16F7-4668-BE54-9A1E7A4F7556}") = "TimeWarp.State.Plus", "Source\TimeWarp.State.Plus\TimeWarp.State.Plus.csproj", "{6ED520FE-F6F0-4349-92BD-86C66A48A39E}"
EndProject
Project("{9A19103F-16F7-4668-BE54-9A1E7A4F7556}") = "TimeWarp.State.Analyzer.Tests", "Tests\TimeWarp.State.Analyzer.Tests\TimeWarp.State.Analyzer.Tests.csproj", "{42C84D63-112E-4A35-98DE-DFCB3EA5A452}"
EndProject
Project("{2150E333-8FDC-42A3-9474-1A3956D46DE8}") = "Test.App", "Test.App", "{B96A36DB-E4B3-412D-A9BB-7E97A9D042F4}"
EndProject
Project("{FAE04EC0-301F-11D3-BF4B-00C04F79EFBC}") = "Test.App.Server", "Tests\Test.App\Test.App.Server\Test.App.Server.csproj", "{987E1838-715E-4D11-85AC-575F90F94E07}"
EndProject
Project("{FAE04EC0-301F-11D3-BF4B-00C04F79EFBC}") = "Test.App.Client", "Tests\Test.App\Test.App.Client\Test.App.Client.csproj", "{32843547-4F68-4720-9F8A-27A06B912E5C}"
EndProject
Project("{FAE04EC0-301F-11D3-BF4B-00C04F79EFBC}") = "Test.App.Contracts", "Tests\Test.App\Test.App.Contracts\Test.App.Contracts.csproj", "{8891678E-2973-403B-9205-2DB2AEA6D7F7}"
EndProject
Project("{FAE04EC0-301F-11D3-BF4B-00C04F79EFBC}") = "TimeWarp.State.SourceGenerator", "Source\TimeWarp.State.SourceGenerator\TimeWarp.State.SourceGenerator.csproj", "{0F284DE4-210E-4012-AA97-F5D2AA393E4E}"
EndProject
Project("{FAE04EC0-301F-11D3-BF4B-00C04F79EFBC}") = "Client.Integration.Tests", "Tests\Client.Integration.Tests\Client.Integration.Tests.csproj", "{D8CF79FE-21E3-4075-AA23-DD98329FFB14}"
EndProject
Project("{FAE04EC0-301F-11D3-BF4B-00C04F79EFBC}") = "Test.App.EndToEnd.Tests", "Tests\Test.App.EndToEnd.Tests\Test.App.EndToEnd.Tests.csproj", "{1E3F033B-0E8E-41A5-A2A0-A3E4B7FF772C}"
EndProject
Project("{FAE04EC0-301F-11D3-BF4B-00C04F79EFBC}") = "TimeWarp.State.Tests", "Tests\TimeWarp.State.Tests\TimeWarp.State.Tests.csproj", "{B885628C-1360-4665-BB59-0F72BB3EA9AD}"
EndProject
Project("{FAE04EC0-301F-11D3-BF4B-00C04F79EFBC}") = "TimeWarp.State.Plus.Tests", "Tests\TimeWarp.State.Plus.Tests\TimeWarp.State.Plus.Tests.csproj", "{5472CB66-CAB1-4B73-9D61-C5EFF9A01AFE}"
EndProject
Project("{2150E333-8FDC-42A3-9474-1A3956D46DE8}") = "00-StateActionSet", "00-StateActionSet", "{96B63AE9-6741-41FF-9D7B-9B4C11A9A039}"
EndProject
Project("{FAE04EC0-301F-11D3-BF4B-00C04F79EFBC}") = "Test.App.Architecture.Tests", "Tests\Test.App.Architecture.Tests\Test.App.Architecture.Tests.csproj", "{18EC52C8-5934-40D6-B001-376C61049018}"
EndProject
Project("{FAE04EC0-301F-11D3-BF4B-00C04F79EFBC}") = "TimeWarp.State.Policies", "Source\TimeWarp.State.Policies\TimeWarp.State.Policies.csproj", "{CBEF2299-5ADC-4677-BB43-447EC9CD562D}"
EndProject
Project("{2150E333-8FDC-42A3-9474-1A3956D46DE8}") = "Wasm", "Wasm", "{7E801EF6-0FD9-446C-9940-218C6942F4BB}"
EndProject
Project("{FAE04EC0-301F-11D3-BF4B-00C04F79EFBC}") = "Sample00Wasm", "Samples\00-StateActionHandler\Wasm\Sample00Wasm\Sample00Wasm.csproj", "{39F0B5B8-6D25-4C98-880E-8BAF122B3CAB}"
EndProject
Project("{2150E333-8FDC-42A3-9474-1A3956D46DE8}") = "01-ReduxDevTools", "01-ReduxDevTools", "{B11F4206-3FE8-48E3-8AAC-E16936F65A2B}"
EndProject
Project("{2150E333-8FDC-42A3-9474-1A3956D46DE8}") = "Wasm", "Wasm", "{28AD5EC5-E3AB-4273-AC0A-87D6B40ADE6E}"
EndProject
Project("{FAE04EC0-301F-11D3-BF4B-00C04F79EFBC}") = "Sample01Wasm", "Samples\01-ReduxDevTools\Wasm\Sample01Wasm\Sample01Wasm.csproj", "{3750AE82-CD96-4E01-80D2-79A276222A3E}"
EndProject
Project("{2150E333-8FDC-42A3-9474-1A3956D46DE8}") = "Auto", "Auto", "{D01CB98E-43A9-44E4-84B7-BA876BC68FF4}"
EndProject
Project("{2150E333-8FDC-42A3-9474-1A3956D46DE8}") = "Server", "Server", "{1A56A4A2-1258-45C4-8920-BDEF9C927141}"
EndProject
Project("{2150E333-8FDC-42A3-9474-1A3956D46DE8}") = "02-ActionTracking", "02-ActionTracking", "{8D070B44-FCBD-4D43-AA9C-4DC38E2B6AB0}"
EndProject
Project("{2150E333-8FDC-42A3-9474-1A3956D46DE8}") = "Wasm", "Wasm", "{E78156AF-41F7-46E6-A302-2A199C006154}"
EndProject
Project("{FAE04EC0-301F-11D3-BF4B-00C04F79EFBC}") = "Sample00Auto", "Samples\00-StateActionHandler\Auto\Sample00Auto\Sample00Auto\Sample00Auto.csproj", "{BA524B27-F369-4838-AAF6-AF9436159D57}"
EndProject
Project("{FAE04EC0-301F-11D3-BF4B-00C04F79EFBC}") = "Sample00Auto.Client", "Samples\00-StateActionHandler\Auto\Sample00Auto\Sample00Auto.Client\Sample00Auto.Client.csproj", "{B91F4181-4FA2-4AB9-931E-EA0A64925895}"
EndProject
Project("{FAE04EC0-301F-11D3-BF4B-00C04F79EFBC}") = "Sample00Server", "Samples\00-StateActionHandler\Server\Sample00Server\Sample00Server.csproj", "{6C36BA81-A6E0-4FB4-AFCA-031B87EE8486}"
EndProject
Project("{2150E333-8FDC-42A3-9474-1A3956D46DE8}") = "03-Routing", "03-Routing", "{F6333628-16AB-4052-B7CA-166CECE2EE42}"
EndProject
Project("{2150E333-8FDC-42A3-9474-1A3956D46DE8}") = "Wasm", "Wasm", "{BBA4F7D2-A5B5-41ED-A1C4-6B83C848E5AC}"
EndProject
Project("{FAE04EC0-301F-11D3-BF4B-00C04F79EFBC}") = "Sample03Wasm", "Samples\03-Routing\Wasm\Sample03Wasm\Sample03Wasm.csproj", "{E838C4D9-B5CC-4834-AA44-BA80604B7C39}"
EndProject
Project("{FAE04EC0-301F-11D3-BF4B-00C04F79EFBC}") = "Sample02Wasm", "Samples\02-ActionTracking\Wasm\Sample02Wasm\Sample02Wasm.csproj", "{15D843FE-CDB9-46BE-B005-3F2866D52BF5}"
EndProject
Global
	GlobalSection(SolutionConfigurationPlatforms) = preSolution
		Debug|Any CPU = Debug|Any CPU
		ReduxDevToolsEnabled|Any CPU = ReduxDevToolsEnabled|Any CPU
		Release|Any CPU = Release|Any CPU
	EndGlobalSection
	GlobalSection(ProjectConfigurationPlatforms) = postSolution
		{DF355720-EA1E-4505-AE68-1D36BD0D4711}.Debug|Any CPU.ActiveCfg = Debug|Any CPU
		{DF355720-EA1E-4505-AE68-1D36BD0D4711}.Debug|Any CPU.Build.0 = Debug|Any CPU
		{DF355720-EA1E-4505-AE68-1D36BD0D4711}.ReduxDevToolsEnabled|Any CPU.ActiveCfg = ReduxDevToolsEnabled|Any CPU
		{DF355720-EA1E-4505-AE68-1D36BD0D4711}.ReduxDevToolsEnabled|Any CPU.Build.0 = ReduxDevToolsEnabled|Any CPU
		{DF355720-EA1E-4505-AE68-1D36BD0D4711}.Release|Any CPU.ActiveCfg = Release|Any CPU
		{DF355720-EA1E-4505-AE68-1D36BD0D4711}.Release|Any CPU.Build.0 = Release|Any CPU
		{F6DD04E6-EE7E-492D-BF81-5CBA1F7C6EE2}.Debug|Any CPU.ActiveCfg = Debug|Any CPU
		{F6DD04E6-EE7E-492D-BF81-5CBA1F7C6EE2}.Debug|Any CPU.Build.0 = Debug|Any CPU
		{F6DD04E6-EE7E-492D-BF81-5CBA1F7C6EE2}.ReduxDevToolsEnabled|Any CPU.ActiveCfg = Release|Any CPU
		{F6DD04E6-EE7E-492D-BF81-5CBA1F7C6EE2}.ReduxDevToolsEnabled|Any CPU.Build.0 = Release|Any CPU
		{F6DD04E6-EE7E-492D-BF81-5CBA1F7C6EE2}.Release|Any CPU.ActiveCfg = Release|Any CPU
		{F6DD04E6-EE7E-492D-BF81-5CBA1F7C6EE2}.Release|Any CPU.Build.0 = Release|Any CPU
		{6ED520FE-F6F0-4349-92BD-86C66A48A39E}.Debug|Any CPU.ActiveCfg = Debug|Any CPU
		{6ED520FE-F6F0-4349-92BD-86C66A48A39E}.Debug|Any CPU.Build.0 = Debug|Any CPU
		{6ED520FE-F6F0-4349-92BD-86C66A48A39E}.ReduxDevToolsEnabled|Any CPU.ActiveCfg = Release|Any CPU
		{6ED520FE-F6F0-4349-92BD-86C66A48A39E}.ReduxDevToolsEnabled|Any CPU.Build.0 = Release|Any CPU
		{6ED520FE-F6F0-4349-92BD-86C66A48A39E}.Release|Any CPU.ActiveCfg = Release|Any CPU
		{6ED520FE-F6F0-4349-92BD-86C66A48A39E}.Release|Any CPU.Build.0 = Release|Any CPU
		{42C84D63-112E-4A35-98DE-DFCB3EA5A452}.Debug|Any CPU.ActiveCfg = Debug|Any CPU
		{42C84D63-112E-4A35-98DE-DFCB3EA5A452}.Debug|Any CPU.Build.0 = Debug|Any CPU
		{42C84D63-112E-4A35-98DE-DFCB3EA5A452}.ReduxDevToolsEnabled|Any CPU.ActiveCfg = Debug|Any CPU
		{42C84D63-112E-4A35-98DE-DFCB3EA5A452}.ReduxDevToolsEnabled|Any CPU.Build.0 = Debug|Any CPU
		{42C84D63-112E-4A35-98DE-DFCB3EA5A452}.Release|Any CPU.ActiveCfg = Release|Any CPU
		{42C84D63-112E-4A35-98DE-DFCB3EA5A452}.Release|Any CPU.Build.0 = Release|Any CPU
		{987E1838-715E-4D11-85AC-575F90F94E07}.Debug|Any CPU.ActiveCfg = Debug|Any CPU
		{987E1838-715E-4D11-85AC-575F90F94E07}.Debug|Any CPU.Build.0 = Debug|Any CPU
		{987E1838-715E-4D11-85AC-575F90F94E07}.ReduxDevToolsEnabled|Any CPU.ActiveCfg = Debug|Any CPU
		{987E1838-715E-4D11-85AC-575F90F94E07}.ReduxDevToolsEnabled|Any CPU.Build.0 = Debug|Any CPU
		{987E1838-715E-4D11-85AC-575F90F94E07}.Release|Any CPU.ActiveCfg = Release|Any CPU
		{987E1838-715E-4D11-85AC-575F90F94E07}.Release|Any CPU.Build.0 = Release|Any CPU
		{32843547-4F68-4720-9F8A-27A06B912E5C}.Debug|Any CPU.ActiveCfg = Debug|Any CPU
		{32843547-4F68-4720-9F8A-27A06B912E5C}.Debug|Any CPU.Build.0 = Debug|Any CPU
		{32843547-4F68-4720-9F8A-27A06B912E5C}.ReduxDevToolsEnabled|Any CPU.ActiveCfg = Debug|Any CPU
		{32843547-4F68-4720-9F8A-27A06B912E5C}.ReduxDevToolsEnabled|Any CPU.Build.0 = Debug|Any CPU
		{32843547-4F68-4720-9F8A-27A06B912E5C}.Release|Any CPU.ActiveCfg = Release|Any CPU
		{32843547-4F68-4720-9F8A-27A06B912E5C}.Release|Any CPU.Build.0 = Release|Any CPU
		{8891678E-2973-403B-9205-2DB2AEA6D7F7}.Debug|Any CPU.ActiveCfg = Debug|Any CPU
		{8891678E-2973-403B-9205-2DB2AEA6D7F7}.Debug|Any CPU.Build.0 = Debug|Any CPU
		{8891678E-2973-403B-9205-2DB2AEA6D7F7}.ReduxDevToolsEnabled|Any CPU.ActiveCfg = Debug|Any CPU
		{8891678E-2973-403B-9205-2DB2AEA6D7F7}.ReduxDevToolsEnabled|Any CPU.Build.0 = Debug|Any CPU
		{8891678E-2973-403B-9205-2DB2AEA6D7F7}.Release|Any CPU.ActiveCfg = Release|Any CPU
		{8891678E-2973-403B-9205-2DB2AEA6D7F7}.Release|Any CPU.Build.0 = Release|Any CPU
		{0F284DE4-210E-4012-AA97-F5D2AA393E4E}.Debug|Any CPU.ActiveCfg = Debug|Any CPU
		{0F284DE4-210E-4012-AA97-F5D2AA393E4E}.Debug|Any CPU.Build.0 = Debug|Any CPU
		{0F284DE4-210E-4012-AA97-F5D2AA393E4E}.ReduxDevToolsEnabled|Any CPU.ActiveCfg = Debug|Any CPU
		{0F284DE4-210E-4012-AA97-F5D2AA393E4E}.ReduxDevToolsEnabled|Any CPU.Build.0 = Debug|Any CPU
		{0F284DE4-210E-4012-AA97-F5D2AA393E4E}.Release|Any CPU.ActiveCfg = Release|Any CPU
		{0F284DE4-210E-4012-AA97-F5D2AA393E4E}.Release|Any CPU.Build.0 = Release|Any CPU
		{D8CF79FE-21E3-4075-AA23-DD98329FFB14}.Debug|Any CPU.ActiveCfg = Debug|Any CPU
		{D8CF79FE-21E3-4075-AA23-DD98329FFB14}.Debug|Any CPU.Build.0 = Debug|Any CPU
		{D8CF79FE-21E3-4075-AA23-DD98329FFB14}.ReduxDevToolsEnabled|Any CPU.ActiveCfg = Debug|Any CPU
		{D8CF79FE-21E3-4075-AA23-DD98329FFB14}.ReduxDevToolsEnabled|Any CPU.Build.0 = Debug|Any CPU
		{D8CF79FE-21E3-4075-AA23-DD98329FFB14}.Release|Any CPU.ActiveCfg = Release|Any CPU
		{D8CF79FE-21E3-4075-AA23-DD98329FFB14}.Release|Any CPU.Build.0 = Release|Any CPU
		{1E3F033B-0E8E-41A5-A2A0-A3E4B7FF772C}.Debug|Any CPU.ActiveCfg = Debug|Any CPU
		{1E3F033B-0E8E-41A5-A2A0-A3E4B7FF772C}.Debug|Any CPU.Build.0 = Debug|Any CPU
		{1E3F033B-0E8E-41A5-A2A0-A3E4B7FF772C}.ReduxDevToolsEnabled|Any CPU.ActiveCfg = Debug|Any CPU
		{1E3F033B-0E8E-41A5-A2A0-A3E4B7FF772C}.ReduxDevToolsEnabled|Any CPU.Build.0 = Debug|Any CPU
		{1E3F033B-0E8E-41A5-A2A0-A3E4B7FF772C}.Release|Any CPU.ActiveCfg = Release|Any CPU
		{1E3F033B-0E8E-41A5-A2A0-A3E4B7FF772C}.Release|Any CPU.Build.0 = Release|Any CPU
		{B885628C-1360-4665-BB59-0F72BB3EA9AD}.Debug|Any CPU.ActiveCfg = Debug|Any CPU
		{B885628C-1360-4665-BB59-0F72BB3EA9AD}.Debug|Any CPU.Build.0 = Debug|Any CPU
		{B885628C-1360-4665-BB59-0F72BB3EA9AD}.ReduxDevToolsEnabled|Any CPU.ActiveCfg = Debug|Any CPU
		{B885628C-1360-4665-BB59-0F72BB3EA9AD}.ReduxDevToolsEnabled|Any CPU.Build.0 = Debug|Any CPU
		{B885628C-1360-4665-BB59-0F72BB3EA9AD}.Release|Any CPU.ActiveCfg = Release|Any CPU
		{B885628C-1360-4665-BB59-0F72BB3EA9AD}.Release|Any CPU.Build.0 = Release|Any CPU
		{5472CB66-CAB1-4B73-9D61-C5EFF9A01AFE}.Debug|Any CPU.ActiveCfg = Debug|Any CPU
		{5472CB66-CAB1-4B73-9D61-C5EFF9A01AFE}.Debug|Any CPU.Build.0 = Debug|Any CPU
		{5472CB66-CAB1-4B73-9D61-C5EFF9A01AFE}.ReduxDevToolsEnabled|Any CPU.ActiveCfg = Debug|Any CPU
		{5472CB66-CAB1-4B73-9D61-C5EFF9A01AFE}.ReduxDevToolsEnabled|Any CPU.Build.0 = Debug|Any CPU
		{5472CB66-CAB1-4B73-9D61-C5EFF9A01AFE}.Release|Any CPU.ActiveCfg = Release|Any CPU
		{5472CB66-CAB1-4B73-9D61-C5EFF9A01AFE}.Release|Any CPU.Build.0 = Release|Any CPU
		{18EC52C8-5934-40D6-B001-376C61049018}.Debug|Any CPU.ActiveCfg = Debug|Any CPU
		{18EC52C8-5934-40D6-B001-376C61049018}.Debug|Any CPU.Build.0 = Debug|Any CPU
		{18EC52C8-5934-40D6-B001-376C61049018}.ReduxDevToolsEnabled|Any CPU.ActiveCfg = Debug|Any CPU
		{18EC52C8-5934-40D6-B001-376C61049018}.ReduxDevToolsEnabled|Any CPU.Build.0 = Debug|Any CPU
		{18EC52C8-5934-40D6-B001-376C61049018}.Release|Any CPU.ActiveCfg = Release|Any CPU
		{18EC52C8-5934-40D6-B001-376C61049018}.Release|Any CPU.Build.0 = Release|Any CPU
		{CBEF2299-5ADC-4677-BB43-447EC9CD562D}.Debug|Any CPU.ActiveCfg = Debug|Any CPU
		{CBEF2299-5ADC-4677-BB43-447EC9CD562D}.Debug|Any CPU.Build.0 = Debug|Any CPU
		{CBEF2299-5ADC-4677-BB43-447EC9CD562D}.ReduxDevToolsEnabled|Any CPU.ActiveCfg = Debug|Any CPU
		{CBEF2299-5ADC-4677-BB43-447EC9CD562D}.ReduxDevToolsEnabled|Any CPU.Build.0 = Debug|Any CPU
		{CBEF2299-5ADC-4677-BB43-447EC9CD562D}.Release|Any CPU.ActiveCfg = Release|Any CPU
		{CBEF2299-5ADC-4677-BB43-447EC9CD562D}.Release|Any CPU.Build.0 = Release|Any CPU
		{39F0B5B8-6D25-4C98-880E-8BAF122B3CAB}.Debug|Any CPU.ActiveCfg = Debug|Any CPU
		{39F0B5B8-6D25-4C98-880E-8BAF122B3CAB}.Debug|Any CPU.Build.0 = Debug|Any CPU
		{39F0B5B8-6D25-4C98-880E-8BAF122B3CAB}.ReduxDevToolsEnabled|Any CPU.ActiveCfg = Debug|Any CPU
		{39F0B5B8-6D25-4C98-880E-8BAF122B3CAB}.ReduxDevToolsEnabled|Any CPU.Build.0 = Debug|Any CPU
		{39F0B5B8-6D25-4C98-880E-8BAF122B3CAB}.Release|Any CPU.ActiveCfg = Release|Any CPU
		{39F0B5B8-6D25-4C98-880E-8BAF122B3CAB}.Release|Any CPU.Build.0 = Release|Any CPU
		{3750AE82-CD96-4E01-80D2-79A276222A3E}.Debug|Any CPU.ActiveCfg = Debug|Any CPU
		{3750AE82-CD96-4E01-80D2-79A276222A3E}.Debug|Any CPU.Build.0 = Debug|Any CPU
		{3750AE82-CD96-4E01-80D2-79A276222A3E}.ReduxDevToolsEnabled|Any CPU.ActiveCfg = Debug|Any CPU
		{3750AE82-CD96-4E01-80D2-79A276222A3E}.ReduxDevToolsEnabled|Any CPU.Build.0 = Debug|Any CPU
		{3750AE82-CD96-4E01-80D2-79A276222A3E}.Release|Any CPU.ActiveCfg = Release|Any CPU
		{3750AE82-CD96-4E01-80D2-79A276222A3E}.Release|Any CPU.Build.0 = Release|Any CPU
		{BA524B27-F369-4838-AAF6-AF9436159D57}.Debug|Any CPU.ActiveCfg = Debug|Any CPU
		{BA524B27-F369-4838-AAF6-AF9436159D57}.Debug|Any CPU.Build.0 = Debug|Any CPU
		{BA524B27-F369-4838-AAF6-AF9436159D57}.ReduxDevToolsEnabled|Any CPU.ActiveCfg = Debug|Any CPU
		{BA524B27-F369-4838-AAF6-AF9436159D57}.ReduxDevToolsEnabled|Any CPU.Build.0 = Debug|Any CPU
		{BA524B27-F369-4838-AAF6-AF9436159D57}.Release|Any CPU.ActiveCfg = Release|Any CPU
		{BA524B27-F369-4838-AAF6-AF9436159D57}.Release|Any CPU.Build.0 = Release|Any CPU
		{B91F4181-4FA2-4AB9-931E-EA0A64925895}.Debug|Any CPU.ActiveCfg = Debug|Any CPU
		{B91F4181-4FA2-4AB9-931E-EA0A64925895}.Debug|Any CPU.Build.0 = Debug|Any CPU
		{B91F4181-4FA2-4AB9-931E-EA0A64925895}.ReduxDevToolsEnabled|Any CPU.ActiveCfg = Debug|Any CPU
		{B91F4181-4FA2-4AB9-931E-EA0A64925895}.ReduxDevToolsEnabled|Any CPU.Build.0 = Debug|Any CPU
		{B91F4181-4FA2-4AB9-931E-EA0A64925895}.Release|Any CPU.ActiveCfg = Release|Any CPU
		{B91F4181-4FA2-4AB9-931E-EA0A64925895}.Release|Any CPU.Build.0 = Release|Any CPU
		{6C36BA81-A6E0-4FB4-AFCA-031B87EE8486}.Debug|Any CPU.ActiveCfg = Debug|Any CPU
		{6C36BA81-A6E0-4FB4-AFCA-031B87EE8486}.Debug|Any CPU.Build.0 = Debug|Any CPU
		{6C36BA81-A6E0-4FB4-AFCA-031B87EE8486}.ReduxDevToolsEnabled|Any CPU.ActiveCfg = Debug|Any CPU
		{6C36BA81-A6E0-4FB4-AFCA-031B87EE8486}.ReduxDevToolsEnabled|Any CPU.Build.0 = Debug|Any CPU
		{6C36BA81-A6E0-4FB4-AFCA-031B87EE8486}.Release|Any CPU.ActiveCfg = Release|Any CPU
		{6C36BA81-A6E0-4FB4-AFCA-031B87EE8486}.Release|Any CPU.Build.0 = Release|Any CPU
		{E838C4D9-B5CC-4834-AA44-BA80604B7C39}.Debug|Any CPU.ActiveCfg = Debug|Any CPU
		{E838C4D9-B5CC-4834-AA44-BA80604B7C39}.Debug|Any CPU.Build.0 = Debug|Any CPU
		{E838C4D9-B5CC-4834-AA44-BA80604B7C39}.ReduxDevToolsEnabled|Any CPU.ActiveCfg = Debug|Any CPU
		{E838C4D9-B5CC-4834-AA44-BA80604B7C39}.ReduxDevToolsEnabled|Any CPU.Build.0 = Debug|Any CPU
		{E838C4D9-B5CC-4834-AA44-BA80604B7C39}.Release|Any CPU.ActiveCfg = Release|Any CPU
		{E838C4D9-B5CC-4834-AA44-BA80604B7C39}.Release|Any CPU.Build.0 = Release|Any CPU
		{15D843FE-CDB9-46BE-B005-3F2866D52BF5}.Debug|Any CPU.ActiveCfg = Debug|Any CPU
		{15D843FE-CDB9-46BE-B005-3F2866D52BF5}.Debug|Any CPU.Build.0 = Debug|Any CPU
		{15D843FE-CDB9-46BE-B005-3F2866D52BF5}.ReduxDevToolsEnabled|Any CPU.ActiveCfg = Debug|Any CPU
		{15D843FE-CDB9-46BE-B005-3F2866D52BF5}.ReduxDevToolsEnabled|Any CPU.Build.0 = Debug|Any CPU
		{15D843FE-CDB9-46BE-B005-3F2866D52BF5}.Release|Any CPU.ActiveCfg = Release|Any CPU
		{15D843FE-CDB9-46BE-B005-3F2866D52BF5}.Release|Any CPU.Build.0 = Release|Any CPU
	EndGlobalSection
	GlobalSection(SolutionProperties) = preSolution
		HideSolutionNode = FALSE
	EndGlobalSection
	GlobalSection(NestedProjects) = preSolution
		{42C84D63-112E-4A35-98DE-DFCB3EA5A452} = {2902FDFD-016E-4BF7-8B41-53D674FA53DD}
		{B96A36DB-E4B3-412D-A9BB-7E97A9D042F4} = {2902FDFD-016E-4BF7-8B41-53D674FA53DD}
		{987E1838-715E-4D11-85AC-575F90F94E07} = {B96A36DB-E4B3-412D-A9BB-7E97A9D042F4}
		{32843547-4F68-4720-9F8A-27A06B912E5C} = {B96A36DB-E4B3-412D-A9BB-7E97A9D042F4}
		{8891678E-2973-403B-9205-2DB2AEA6D7F7} = {B96A36DB-E4B3-412D-A9BB-7E97A9D042F4}
		{D8CF79FE-21E3-4075-AA23-DD98329FFB14} = {2902FDFD-016E-4BF7-8B41-53D674FA53DD}
		{1E3F033B-0E8E-41A5-A2A0-A3E4B7FF772C} = {2902FDFD-016E-4BF7-8B41-53D674FA53DD}
		{B885628C-1360-4665-BB59-0F72BB3EA9AD} = {2902FDFD-016E-4BF7-8B41-53D674FA53DD}
		{5472CB66-CAB1-4B73-9D61-C5EFF9A01AFE} = {2902FDFD-016E-4BF7-8B41-53D674FA53DD}
		{96B63AE9-6741-41FF-9D7B-9B4C11A9A039} = {FA456F71-9A99-4869-970E-9D5C9A1E6C9F}
		{18EC52C8-5934-40D6-B001-376C61049018} = {2902FDFD-016E-4BF7-8B41-53D674FA53DD}
		{7E801EF6-0FD9-446C-9940-218C6942F4BB} = {96B63AE9-6741-41FF-9D7B-9B4C11A9A039}
		{39F0B5B8-6D25-4C98-880E-8BAF122B3CAB} = {7E801EF6-0FD9-446C-9940-218C6942F4BB}
		{B11F4206-3FE8-48E3-8AAC-E16936F65A2B} = {FA456F71-9A99-4869-970E-9D5C9A1E6C9F}
		{28AD5EC5-E3AB-4273-AC0A-87D6B40ADE6E} = {B11F4206-3FE8-48E3-8AAC-E16936F65A2B}
		{3750AE82-CD96-4E01-80D2-79A276222A3E} = {28AD5EC5-E3AB-4273-AC0A-87D6B40ADE6E}
		{D01CB98E-43A9-44E4-84B7-BA876BC68FF4} = {96B63AE9-6741-41FF-9D7B-9B4C11A9A039}
		{1A56A4A2-1258-45C4-8920-BDEF9C927141} = {96B63AE9-6741-41FF-9D7B-9B4C11A9A039}
		{8D070B44-FCBD-4D43-AA9C-4DC38E2B6AB0} = {FA456F71-9A99-4869-970E-9D5C9A1E6C9F}
		{E78156AF-41F7-46E6-A302-2A199C006154} = {8D070B44-FCBD-4D43-AA9C-4DC38E2B6AB0}
		{BA524B27-F369-4838-AAF6-AF9436159D57} = {D01CB98E-43A9-44E4-84B7-BA876BC68FF4}
		{B91F4181-4FA2-4AB9-931E-EA0A64925895} = {D01CB98E-43A9-44E4-84B7-BA876BC68FF4}
		{6C36BA81-A6E0-4FB4-AFCA-031B87EE8486} = {1A56A4A2-1258-45C4-8920-BDEF9C927141}
		{F6333628-16AB-4052-B7CA-166CECE2EE42} = {FA456F71-9A99-4869-970E-9D5C9A1E6C9F}
		{BBA4F7D2-A5B5-41ED-A1C4-6B83C848E5AC} = {F6333628-16AB-4052-B7CA-166CECE2EE42}
		{E838C4D9-B5CC-4834-AA44-BA80604B7C39} = {BBA4F7D2-A5B5-41ED-A1C4-6B83C848E5AC}
		{15D843FE-CDB9-46BE-B005-3F2866D52BF5} = {E78156AF-41F7-46E6-A302-2A199C006154}
	EndGlobalSection
	GlobalSection(ExtensibilityGlobals) = postSolution
		SolutionGuid = {16FA64C2-4A0E-42D4-94E6-C8CFDE84597E}
	EndGlobalSection
EndGlobal
