
Microsoft Visual Studio Solution File, Format Version 12.00
# Visual Studio Version 17
VisualStudioVersion = 17.0.31808.319
MinimumVisualStudioVersion = 10.0.40219.1
Project("{9A19103F-16F7-4668-BE54-9A1E7A4F7556}") = "TimeWarp.State", "Source\TimeWarp.State\TimeWarp.State.csproj", "{DF355720-EA1E-4505-AE68-1D36BD0D4711}"
	ProjectSection(ProjectDependencies) = postProject
		{F6DD04E6-EE7E-492D-BF81-5CBA1F7C6EE2} = {F6DD04E6-EE7E-492D-BF81-5CBA1F7C6EE2}
	EndProjectSection
EndProject
Project("{2150E333-8FDC-42A3-9474-1A3956D46DE8}") = "Tests", "Tests", "{2902FDFD-016E-4BF7-8B41-53D674FA53DD}"
EndProject
Project("{2150E333-8FDC-42A3-9474-1A3956D46DE8}") = "Solution Items", "Solution Items", "{CFD8811F-C0A5-42E0-AF4D-29D3620CBA7D}"
	ProjectSection(SolutionItems) = preProject
		.editorconfig = .editorconfig
		.gitignore = .gitignore
		Directory.Build.props = Directory.Build.props
		Directory.Packages.props = Directory.Packages.props
		Build\documentation.yml = Build\documentation.yml
		global.json = global.json
		NuGet.config = NuGet.config
	EndProjectSection
EndProject
Project("{2150E333-8FDC-42A3-9474-1A3956D46DE8}") = "Samples", "Samples", "{FA456F71-9A99-4869-970E-9D5C9A1E6C9F}"
EndProject
Project("{9A19103F-16F7-4668-BE54-9A1E7A4F7556}") = "TimeWarp.State.Analyzer", "Source\TimeWarp.State.Analyzer\TimeWarp.State.Analyzer.csproj", "{F6DD04E6-EE7E-492D-BF81-5CBA1F7C6EE2}"
EndProject
Project("{9A19103F-16F7-4668-BE54-9A1E7A4F7556}") = "TimeWarp.State.Plus", "Source\TimeWarp.State.Plus\TimeWarp.State.Plus.csproj", "{6ED520FE-F6F0-4349-92BD-86C66A48A39E}"
EndProject
Project("{9A19103F-16F7-4668-BE54-9A1E7A4F7556}") = "TimeWarp.State.Analyzer.Tests", "Tests\TimeWarp.State.Analyzer.Tests\TimeWarp.State.Analyzer.Tests.csproj", "{42C84D63-112E-4A35-98DE-DFCB3EA5A452}"
EndProject
Project("{2150E333-8FDC-42A3-9474-1A3956D46DE8}") = "Test.App", "Test.App", "{B96A36DB-E4B3-412D-A9BB-7E97A9D042F4}"
EndProject
Project("{FAE04EC0-301F-11D3-BF4B-00C04F79EFBC}") = "Test.App.Server", "Tests\Test.App\Test.App.Server\Test.App.Server.csproj", "{987E1838-715E-4D11-85AC-575F90F94E07}"
EndProject
Project("{FAE04EC0-301F-11D3-BF4B-00C04F79EFBC}") = "Test.App.Client", "Tests\Test.App\Test.App.Client\Test.App.Client.csproj", "{32843547-4F68-4720-9F8A-27A06B912E5C}"
EndProject
Project("{FAE04EC0-301F-11D3-BF4B-00C04F79EFBC}") = "Test.App.Contracts", "Tests\Test.App\Test.App.Contracts\Test.App.Contracts.csproj", "{8891678E-2973-403B-9205-2DB2AEA6D7F7}"
EndProject
Project("{FAE04EC0-301F-11D3-BF4B-00C04F79EFBC}") = "TimeWarp.State.SourceGenerator", "Source\TimeWarp.State.SourceGenerator\TimeWarp.State.SourceGenerator.csproj", "{0F284DE4-210E-4012-AA97-F5D2AA393E4E}"
EndProject
Project("{FAE04EC0-301F-11D3-BF4B-00C04F79EFBC}") = "Client.Integration.Tests", "Tests\Client.Integration.Tests\Client.Integration.Tests.csproj", "{D8CF79FE-21E3-4075-AA23-DD98329FFB14}"
EndProject
Project("{FAE04EC0-301F-11D3-BF4B-00C04F79EFBC}") = "Test.App.EndToEnd.Tests", "Tests\Test.App.EndToEnd.Tests\Test.App.EndToEnd.Tests.csproj", "{1E3F033B-0E8E-41A5-A2A0-A3E4B7FF772C}"
EndProject
Project("{FAE04EC0-301F-11D3-BF4B-00C04F79EFBC}") = "TimeWarp.State.Tests", "Tests\TimeWarp.State.Tests\TimeWarp.State.Tests.csproj", "{B885628C-1360-4665-BB59-0F72BB3EA9AD}"
EndProject
Project("{FAE04EC0-301F-11D3-BF4B-00C04F79EFBC}") = "TimeWarp.State.Plus.Tests", "Tests\TimeWarp.State.Plus.Tests\TimeWarp.State.Plus.Tests.csproj", "{5472CB66-CAB1-4B73-9D61-C5EFF9A01AFE}"
EndProject
Project("{2150E333-8FDC-42A3-9474-1A3956D46DE8}") = "00-StateActionSet", "00-StateActionSet", "{96B63AE9-6741-41FF-9D7B-9B4C11A9A039}"
EndProject
Project("{FAE04EC0-301F-11D3-BF4B-00C04F79EFBC}") = "Sample", "Samples\00-StateActionHandler\Sample\Sample\Sample.csproj", "{C023927E-4279-426F-A9B6-ABACC72409D7}"
EndProject
Project("{FAE04EC0-301F-11D3-BF4B-00C04F79EFBC}") = "Sample.Client", "Samples\00-StateActionHandler\Sample\Sample.Client\Sample.Client.csproj", "{C7F5AD76-D730-4928-B9F0-97641A83F152}"
EndProject
Project("{FAE04EC0-301F-11D3-BF4B-00C04F79EFBC}") = "Sample", "Samples\03-ServerSide\Sample\Sample.csproj", "{29DFA784-979B-489D-BF27-A5758247E713}"
EndProject
Project("{2150E333-8FDC-42A3-9474-1A3956D46DE8}") = "03-ServerSide", "03-ServerSide", "{F8557795-B5DD-4F2D-A487-FC73853CD36E}"
EndProject
Project("{FAE04EC0-301F-11D3-BF4B-00C04F79EFBC}") = "Test.App.Architecture.Tests", "Tests\Test.App.Architecture.Tests\Test.App.Architecture.Tests.csproj", "{18EC52C8-5934-40D6-B001-376C61049018}"
EndProject
Project("{FAE04EC0-301F-11D3-BF4B-00C04F79EFBC}") = "TimeWarp.State.Policies", "Source\TimeWarp.State.Policies\TimeWarp.State.Policies.csproj", "{CBEF2299-5ADC-4677-BB43-447EC9CD562D}"
EndProject
Global
	GlobalSection(SolutionConfigurationPlatforms) = preSolution
		Debug|Any CPU = Debug|Any CPU
		ReduxDevToolsEnabled|Any CPU = ReduxDevToolsEnabled|Any CPU
		Release|Any CPU = Release|Any CPU
	EndGlobalSection
	GlobalSection(ProjectConfigurationPlatforms) = postSolution
		{DF355720-EA1E-4505-AE68-1D36BD0D4711}.Debug|Any CPU.ActiveCfg = Debug|Any CPU
		{DF355720-EA1E-4505-AE68-1D36BD0D4711}.Debug|Any CPU.Build.0 = Debug|Any CPU
		{DF355720-EA1E-4505-AE68-1D36BD0D4711}.ReduxDevToolsEnabled|Any CPU.ActiveCfg = ReduxDevToolsEnabled|Any CPU
		{DF355720-EA1E-4505-AE68-1D36BD0D4711}.ReduxDevToolsEnabled|Any CPU.Build.0 = ReduxDevToolsEnabled|Any CPU
		{DF355720-EA1E-4505-AE68-1D36BD0D4711}.Release|Any CPU.ActiveCfg = Release|Any CPU
		{DF355720-EA1E-4505-AE68-1D36BD0D4711}.Release|Any CPU.Build.0 = Release|Any CPU
		{F6DD04E6-EE7E-492D-BF81-5CBA1F7C6EE2}.Debug|Any CPU.ActiveCfg = Debug|Any CPU
		{F6DD04E6-EE7E-492D-BF81-5CBA1F7C6EE2}.Debug|Any CPU.Build.0 = Debug|Any CPU
		{F6DD04E6-EE7E-492D-BF81-5CBA1F7C6EE2}.ReduxDevToolsEnabled|Any CPU.ActiveCfg = Release|Any CPU
		{F6DD04E6-EE7E-492D-BF81-5CBA1F7C6EE2}.ReduxDevToolsEnabled|Any CPU.Build.0 = Release|Any CPU
		{F6DD04E6-EE7E-492D-BF81-5CBA1F7C6EE2}.Release|Any CPU.ActiveCfg = Release|Any CPU
		{F6DD04E6-EE7E-492D-BF81-5CBA1F7C6EE2}.Release|Any CPU.Build.0 = Release|Any CPU
		{6ED520FE-F6F0-4349-92BD-86C66A48A39E}.Debug|Any CPU.ActiveCfg = Debug|Any CPU
		{6ED520FE-F6F0-4349-92BD-86C66A48A39E}.Debug|Any CPU.Build.0 = Debug|Any CPU
		{6ED520FE-F6F0-4349-92BD-86C66A48A39E}.ReduxDevToolsEnabled|Any CPU.ActiveCfg = Release|Any CPU
		{6ED520FE-F6F0-4349-92BD-86C66A48A39E}.ReduxDevToolsEnabled|Any CPU.Build.0 = Release|Any CPU
		{6ED520FE-F6F0-4349-92BD-86C66A48A39E}.Release|Any CPU.ActiveCfg = Release|Any CPU
		{6ED520FE-F6F0-4349-92BD-86C66A48A39E}.Release|Any CPU.Build.0 = Release|Any CPU
		{42C84D63-112E-4A35-98DE-DFCB3EA5A452}.Debug|Any CPU.ActiveCfg = Debug|Any CPU
		{42C84D63-112E-4A35-98DE-DFCB3EA5A452}.Debug|Any CPU.Build.0 = Debug|Any CPU
		{42C84D63-112E-4A35-98DE-DFCB3EA5A452}.ReduxDevToolsEnabled|Any CPU.ActiveCfg = Debug|Any CPU
		{42C84D63-112E-4A35-98DE-DFCB3EA5A452}.ReduxDevToolsEnabled|Any CPU.Build.0 = Debug|Any CPU
		{42C84D63-112E-4A35-98DE-DFCB3EA5A452}.Release|Any CPU.ActiveCfg = Release|Any CPU
		{42C84D63-112E-4A35-98DE-DFCB3EA5A452}.Release|Any CPU.Build.0 = Release|Any CPU
		{987E1838-715E-4D11-85AC-575F90F94E07}.Debug|Any CPU.ActiveCfg = Debug|Any CPU
		{987E1838-715E-4D11-85AC-575F90F94E07}.Debug|Any CPU.Build.0 = Debug|Any CPU
		{987E1838-715E-4D11-85AC-575F90F94E07}.ReduxDevToolsEnabled|Any CPU.ActiveCfg = Debug|Any CPU
		{987E1838-715E-4D11-85AC-575F90F94E07}.ReduxDevToolsEnabled|Any CPU.Build.0 = Debug|Any CPU
		{987E1838-715E-4D11-85AC-575F90F94E07}.Release|Any CPU.ActiveCfg = Release|Any CPU
		{987E1838-715E-4D11-85AC-575F90F94E07}.Release|Any CPU.Build.0 = Release|Any CPU
		{32843547-4F68-4720-9F8A-27A06B912E5C}.Debug|Any CPU.ActiveCfg = Debug|Any CPU
		{32843547-4F68-4720-9F8A-27A06B912E5C}.Debug|Any CPU.Build.0 = Debug|Any CPU
		{32843547-4F68-4720-9F8A-27A06B912E5C}.ReduxDevToolsEnabled|Any CPU.ActiveCfg = Debug|Any CPU
		{32843547-4F68-4720-9F8A-27A06B912E5C}.ReduxDevToolsEnabled|Any CPU.Build.0 = Debug|Any CPU
		{32843547-4F68-4720-9F8A-27A06B912E5C}.Release|Any CPU.ActiveCfg = Release|Any CPU
		{32843547-4F68-4720-9F8A-27A06B912E5C}.Release|Any CPU.Build.0 = Release|Any CPU
		{8891678E-2973-403B-9205-2DB2AEA6D7F7}.Debug|Any CPU.ActiveCfg = Debug|Any CPU
		{8891678E-2973-403B-9205-2DB2AEA6D7F7}.Debug|Any CPU.Build.0 = Debug|Any CPU
		{8891678E-2973-403B-9205-2DB2AEA6D7F7}.ReduxDevToolsEnabled|Any CPU.ActiveCfg = Debug|Any CPU
		{8891678E-2973-403B-9205-2DB2AEA6D7F7}.ReduxDevToolsEnabled|Any CPU.Build.0 = Debug|Any CPU
		{8891678E-2973-403B-9205-2DB2AEA6D7F7}.Release|Any CPU.ActiveCfg = Release|Any CPU
		{8891678E-2973-403B-9205-2DB2AEA6D7F7}.Release|Any CPU.Build.0 = Release|Any CPU
		{0F284DE4-210E-4012-AA97-F5D2AA393E4E}.Debug|Any CPU.ActiveCfg = Debug|Any CPU
		{0F284DE4-210E-4012-AA97-F5D2AA393E4E}.Debug|Any CPU.Build.0 = Debug|Any CPU
		{0F284DE4-210E-4012-AA97-F5D2AA393E4E}.ReduxDevToolsEnabled|Any CPU.ActiveCfg = Debug|Any CPU
		{0F284DE4-210E-4012-AA97-F5D2AA393E4E}.ReduxDevToolsEnabled|Any CPU.Build.0 = Debug|Any CPU
		{0F284DE4-210E-4012-AA97-F5D2AA393E4E}.Release|Any CPU.ActiveCfg = Release|Any CPU
		{0F284DE4-210E-4012-AA97-F5D2AA393E4E}.Release|Any CPU.Build.0 = Release|Any CPU
		{D8CF79FE-21E3-4075-AA23-DD98329FFB14}.Debug|Any CPU.ActiveCfg = Debug|Any CPU
		{D8CF79FE-21E3-4075-AA23-DD98329FFB14}.Debug|Any CPU.Build.0 = Debug|Any CPU
		{D8CF79FE-21E3-4075-AA23-DD98329FFB14}.ReduxDevToolsEnabled|Any CPU.ActiveCfg = Debug|Any CPU
		{D8CF79FE-21E3-4075-AA23-DD98329FFB14}.ReduxDevToolsEnabled|Any CPU.Build.0 = Debug|Any CPU
		{D8CF79FE-21E3-4075-AA23-DD98329FFB14}.Release|Any CPU.ActiveCfg = Release|Any CPU
		{D8CF79FE-21E3-4075-AA23-DD98329FFB14}.Release|Any CPU.Build.0 = Release|Any CPU
		{1E3F033B-0E8E-41A5-A2A0-A3E4B7FF772C}.Debug|Any CPU.ActiveCfg = Debug|Any CPU
		{1E3F033B-0E8E-41A5-A2A0-A3E4B7FF772C}.Debug|Any CPU.Build.0 = Debug|Any CPU
		{1E3F033B-0E8E-41A5-A2A0-A3E4B7FF772C}.ReduxDevToolsEnabled|Any CPU.ActiveCfg = Debug|Any CPU
		{1E3F033B-0E8E-41A5-A2A0-A3E4B7FF772C}.ReduxDevToolsEnabled|Any CPU.Build.0 = Debug|Any CPU
		{1E3F033B-0E8E-41A5-A2A0-A3E4B7FF772C}.Release|Any CPU.ActiveCfg = Release|Any CPU
		{1E3F033B-0E8E-41A5-A2A0-A3E4B7FF772C}.Release|Any CPU.Build.0 = Release|Any CPU
		{B885628C-1360-4665-BB59-0F72BB3EA9AD}.Debug|Any CPU.ActiveCfg = Debug|Any CPU
		{B885628C-1360-4665-BB59-0F72BB3EA9AD}.Debug|Any CPU.Build.0 = Debug|Any CPU
		{B885628C-1360-4665-BB59-0F72BB3EA9AD}.ReduxDevToolsEnabled|Any CPU.ActiveCfg = Debug|Any CPU
		{B885628C-1360-4665-BB59-0F72BB3EA9AD}.ReduxDevToolsEnabled|Any CPU.Build.0 = Debug|Any CPU
		{B885628C-1360-4665-BB59-0F72BB3EA9AD}.Release|Any CPU.ActiveCfg = Release|Any CPU
		{B885628C-1360-4665-BB59-0F72BB3EA9AD}.Release|Any CPU.Build.0 = Release|Any CPU
		{5472CB66-CAB1-4B73-9D61-C5EFF9A01AFE}.Debug|Any CPU.ActiveCfg = Debug|Any CPU
		{5472CB66-CAB1-4B73-9D61-C5EFF9A01AFE}.Debug|Any CPU.Build.0 = Debug|Any CPU
		{5472CB66-CAB1-4B73-9D61-C5EFF9A01AFE}.ReduxDevToolsEnabled|Any CPU.ActiveCfg = Debug|Any CPU
		{5472CB66-CAB1-4B73-9D61-C5EFF9A01AFE}.ReduxDevToolsEnabled|Any CPU.Build.0 = Debug|Any CPU
		{5472CB66-CAB1-4B73-9D61-C5EFF9A01AFE}.Release|Any CPU.ActiveCfg = Release|Any CPU
		{5472CB66-CAB1-4B73-9D61-C5EFF9A01AFE}.Release|Any CPU.Build.0 = Release|Any CPU
		{C023927E-4279-426F-A9B6-ABACC72409D7}.Debug|Any CPU.ActiveCfg = Debug|Any CPU
		{C023927E-4279-426F-A9B6-ABACC72409D7}.Debug|Any CPU.Build.0 = Debug|Any CPU
		{C023927E-4279-426F-A9B6-ABACC72409D7}.ReduxDevToolsEnabled|Any CPU.ActiveCfg = Debug|Any CPU
		{C023927E-4279-426F-A9B6-ABACC72409D7}.ReduxDevToolsEnabled|Any CPU.Build.0 = Debug|Any CPU
		{C023927E-4279-426F-A9B6-ABACC72409D7}.Release|Any CPU.ActiveCfg = Release|Any CPU
		{C023927E-4279-426F-A9B6-ABACC72409D7}.Release|Any CPU.Build.0 = Release|Any CPU
		{C7F5AD76-D730-4928-B9F0-97641A83F152}.Debug|Any CPU.ActiveCfg = Debug|Any CPU
		{C7F5AD76-D730-4928-B9F0-97641A83F152}.Debug|Any CPU.Build.0 = Debug|Any CPU
		{C7F5AD76-D730-4928-B9F0-97641A83F152}.ReduxDevToolsEnabled|Any CPU.ActiveCfg = Debug|Any CPU
		{C7F5AD76-D730-4928-B9F0-97641A83F152}.ReduxDevToolsEnabled|Any CPU.Build.0 = Debug|Any CPU
		{C7F5AD76-D730-4928-B9F0-97641A83F152}.Release|Any CPU.ActiveCfg = Release|Any CPU
		{C7F5AD76-D730-4928-B9F0-97641A83F152}.Release|Any CPU.Build.0 = Release|Any CPU
		{29DFA784-979B-489D-BF27-A5758247E713}.Debug|Any CPU.ActiveCfg = Debug|Any CPU
		{29DFA784-979B-489D-BF27-A5758247E713}.Debug|Any CPU.Build.0 = Debug|Any CPU
		{29DFA784-979B-489D-BF27-A5758247E713}.ReduxDevToolsEnabled|Any CPU.ActiveCfg = Debug|Any CPU
		{29DFA784-979B-489D-BF27-A5758247E713}.ReduxDevToolsEnabled|Any CPU.Build.0 = Debug|Any CPU
		{29DFA784-979B-489D-BF27-A5758247E713}.Release|Any CPU.ActiveCfg = Release|Any CPU
		{29DFA784-979B-489D-BF27-A5758247E713}.Release|Any CPU.Build.0 = Release|Any CPU
		{18EC52C8-5934-40D6-B001-376C61049018}.Debug|Any CPU.ActiveCfg = Debug|Any CPU
		{18EC52C8-5934-40D6-B001-376C61049018}.Debug|Any CPU.Build.0 = Debug|Any CPU
		{18EC52C8-5934-40D6-B001-376C61049018}.ReduxDevToolsEnabled|Any CPU.ActiveCfg = Debug|Any CPU
		{18EC52C8-5934-40D6-B001-376C61049018}.ReduxDevToolsEnabled|Any CPU.Build.0 = Debug|Any CPU
		{18EC52C8-5934-40D6-B001-376C61049018}.Release|Any CPU.ActiveCfg = Release|Any CPU
		{18EC52C8-5934-40D6-B001-376C61049018}.Release|Any CPU.Build.0 = Release|Any CPU
		{CBEF2299-5ADC-4677-BB43-447EC9CD562D}.Debug|Any CPU.ActiveCfg = Debug|Any CPU
		{CBEF2299-5ADC-4677-BB43-447EC9CD562D}.Debug|Any CPU.Build.0 = Debug|Any CPU
		{CBEF2299-5ADC-4677-BB43-447EC9CD562D}.ReduxDevToolsEnabled|Any CPU.ActiveCfg = Debug|Any CPU
		{CBEF2299-5ADC-4677-BB43-447EC9CD562D}.ReduxDevToolsEnabled|Any CPU.Build.0 = Debug|Any CPU
		{CBEF2299-5ADC-4677-BB43-447EC9CD562D}.Release|Any CPU.ActiveCfg = Release|Any CPU
		{CBEF2299-5ADC-4677-BB43-447EC9CD562D}.Release|Any CPU.Build.0 = Release|Any CPU
	EndGlobalSection
	GlobalSection(SolutionProperties) = preSolution
		HideSolutionNode = FALSE
	EndGlobalSection
	GlobalSection(NestedProjects) = preSolution
		{42C84D63-112E-4A35-98DE-DFCB3EA5A452} = {2902FDFD-016E-4BF7-8B41-53D674FA53DD}
		{B96A36DB-E4B3-412D-A9BB-7E97A9D042F4} = {2902FDFD-016E-4BF7-8B41-53D674FA53DD}
		{987E1838-715E-4D11-85AC-575F90F94E07} = {B96A36DB-E4B3-412D-A9BB-7E97A9D042F4}
		{32843547-4F68-4720-9F8A-27A06B912E5C} = {B96A36DB-E4B3-412D-A9BB-7E97A9D042F4}
		{8891678E-2973-403B-9205-2DB2AEA6D7F7} = {B96A36DB-E4B3-412D-A9BB-7E97A9D042F4}
		{D8CF79FE-21E3-4075-AA23-DD98329FFB14} = {2902FDFD-016E-4BF7-8B41-53D674FA53DD}
		{1E3F033B-0E8E-41A5-A2A0-A3E4B7FF772C} = {2902FDFD-016E-4BF7-8B41-53D674FA53DD}
		{B885628C-1360-4665-BB59-0F72BB3EA9AD} = {2902FDFD-016E-4BF7-8B41-53D674FA53DD}
		{5472CB66-CAB1-4B73-9D61-C5EFF9A01AFE} = {2902FDFD-016E-4BF7-8B41-53D674FA53DD}
		{96B63AE9-6741-41FF-9D7B-9B4C11A9A039} = {FA456F71-9A99-4869-970E-9D5C9A1E6C9F}
		{C023927E-4279-426F-A9B6-ABACC72409D7} = {96B63AE9-6741-41FF-9D7B-9B4C11A9A039}
		{C7F5AD76-D730-4928-B9F0-97641A83F152} = {96B63AE9-6741-41FF-9D7B-9B4C11A9A039}
		{F8557795-B5DD-4F2D-A487-FC73853CD36E} = {FA456F71-9A99-4869-970E-9D5C9A1E6C9F}
		{29DFA784-979B-489D-BF27-A5758247E713} = {F8557795-B5DD-4F2D-A487-FC73853CD36E}
		{18EC52C8-5934-40D6-B001-376C61049018} = {2902FDFD-016E-4BF7-8B41-53D674FA53DD}
	EndGlobalSection
	GlobalSection(ExtensibilityGlobals) = postSolution
		SolutionGuid = {16FA64C2-4A0E-42D4-94E6-C8CFDE84597E}
	EndGlobalSection
EndGlobal
