{
  "version": 2,
  "dependencies": {
    "net8.0": {
      "coverlet.collector": {
        "type": "Direct",
        "requested": "[6.0.2, )",
        "resolved": "6.0.2",
        "contentHash": "bJShQ6uWRTQ100ZeyiMqcFlhP7WJ+bCuabUs885dJiBEzMsJMSFr7BOyeCw4rgvQokteGi5rKQTlkhfQPUXg2A=="
      },
      "FluentAssertions": {
        "type": "Direct",
        "requested": "[6.12.1, )",
        "resolved": "6.12.1",
        "contentHash": "hciWwryyLw3eonfqhFpOMTXyM1/auJChYslEBA+iGJyuBs5O3t/kA8YaeH4iRo/2Fe3ElSYL86C0miivtZ0f3g==",
        "dependencies": {
          "System.Configuration.ConfigurationManager": "4.4.0"
        }
      },
      "Microsoft.CodeAnalysis.Analyzers": {
        "type": "Direct",
        "requested": "[3.3.4, )",
        "resolved": "3.3.4",
        "contentHash": "AxkxcPR+rheX0SmvpLVIGLhOUXAKG56a64kV9VQZ4y9gR9ZmPXnqZvHJnmwLSwzrEP6junUF11vuc+aqo5r68g=="
      },
      "Microsoft.CodeAnalysis.CSharp": {
        "type": "Direct",
        "requested": "[4.11.0, )",
        "resolved": "4.11.0",
        "contentHash": "6XYi2EusI8JT4y2l/F3VVVS+ISoIX9nqHsZRaG6W5aFeJ5BEuBosHfT/ABb73FN0RZ1Z3cj2j7cL28SToJPXOw==",
        "dependencies": {
          "Microsoft.CodeAnalysis.Analyzers": "3.3.4",
          "Microsoft.CodeAnalysis.Common": "[4.11.0]",
          "System.Collections.Immutable": "8.0.0",
          "System.Reflection.Metadata": "8.0.0"
        }
      },
      "Microsoft.NET.Test.Sdk": {
        "type": "Direct",
        "requested": "[17.11.1, )",
        "resolved": "17.11.1",
        "contentHash": "U3Ty4BaGoEu+T2bwSko9tWqWUOU16WzSFkq6U8zve75oRBMSLTBdMAZrVNNz1Tq12aCdDom9fcOcM9QZaFHqFg==",
        "dependencies": {
          "Microsoft.CodeCoverage": "17.11.1",
          "Microsoft.TestPlatform.TestHost": "17.11.1"
        }
      },
      "Microsoft.Playwright.MSTest": {
        "type": "Direct",
        "requested": "[1.52.0, )",
        "resolved": "1.52.0",
        "contentHash": "2/lX1Gh05pT7GMAj8X0Sd6fycHpsoXXPBHSC/ct9i1YaYtNF7nEbKFQFv786+u5nDBJRYVxjfg9KLbLv8xYUeQ==",
        "dependencies": {
          "MSTest.TestAdapter": "2.2.7",
          "MSTest.TestFramework": "2.2.7",
          "Microsoft.NET.Test.Sdk": "17.8.0",
          "Microsoft.Playwright": "1.52.0",
          "Microsoft.Playwright.TestAdapter": "1.52.0"
        }
      },
      "Microsoft.SourceLink.GitHub": {
        "type": "Direct",
        "requested": "[8.0.0, )",
        "resolved": "8.0.0",
        "contentHash": "G5q7OqtwIyGTkeIOAc3u2ZuV/kicQaec5EaRnc0pIeSnh9LUjj+PYQrJYBURvDt7twGl2PKA7nSN0kz1Zw5bnQ==",
        "dependencies": {
          "Microsoft.Build.Tasks.Git": "8.0.0",
          "Microsoft.SourceLink.Common": "8.0.0"
        }
      },
      "MSTest.TestAdapter": {
        "type": "Direct",
        "requested": "[3.6.0, )",
        "resolved": "3.6.0",
        "contentHash": "UIoSCVXds8Wxk5yWwoSJ6Q87LD6Hv7WrbggK1Uxwir1FmTrTLYtBTap0qUA6yhms4paZsMfESqq3ufJen17A1Q==",
        "dependencies": {
          "Microsoft.Testing.Extensions.VSTestBridge": "1.4.0",
          "Microsoft.Testing.Platform.MSBuild": "1.4.0"
        }
      },
      "MSTest.TestFramework": {
        "type": "Direct",
        "requested": "[3.6.0, )",
        "resolved": "3.6.0",
        "contentHash": "mpIPmxsKPfjc08X9tqh0ec4Pyt/zpFUIfL2GA6CjvLmnX4zTw6llqJGnWpUbXTWEVhQu38jtqfEjeUYjMGT4Gg=="
      },
      "Microsoft.ApplicationInsights": {
        "type": "Transitive",
        "resolved": "2.22.0",
        "contentHash": "3AOM9bZtku7RQwHyMEY3tQMrHIgjcfRDa6YQpd/QG2LDGvMydSlL9Di+8LLMt7J2RDdfJ7/2jdYv6yHcMJAnNw==",
        "dependencies": {
          "System.Diagnostics.DiagnosticSource": "5.0.0"
        }
      },
      "Microsoft.Bcl.AsyncInterfaces": {
        "type": "Transitive",
        "resolved": "6.0.0",
        "contentHash": "UcSjPsst+DfAdJGVDsu346FX0ci0ah+lw3WRtn18NUwEqRt70HaOQ7lI72vy3+1LxtqI3T5GWwV39rQSrCzAeg=="
      },
      "Microsoft.Build.Tasks.Git": {
        "type": "Transitive",
        "resolved": "8.0.0",
        "contentHash": "bZKfSIKJRXLTuSzLudMFte/8CempWjVamNUR5eHJizsy+iuOuO/k2gnh7W0dHJmYY0tBf+gUErfluCv5mySAOQ=="
      },
      "Microsoft.CodeCoverage": {
        "type": "Transitive",
        "resolved": "17.11.1",
        "contentHash": "nPJqrcA5iX+Y0kqoT3a+pD/8lrW/V7ayqnEJQsTonSoPz59J8bmoQhcSN4G8+UJ64Hkuf0zuxnfuj2lkHOq4cA=="
      },
      "Microsoft.Playwright.TestAdapter": {
        "type": "Transitive",
        "resolved": "1.52.0",
        "contentHash": "wivJE574i5peAj2gQAmtIfvmiEUphsDrRtAqRsehQeSUOOwzEBJepTvAfLopazODRHU16F6Ex6jv1k48cR9aww==",
        "dependencies": {
          "Microsoft.Playwright": "1.52.0",
          "Microsoft.TestPlatform.ObjectModel": "17.3.0"
        }
      },
      "Microsoft.SourceLink.Common": {
        "type": "Transitive",
        "resolved": "8.0.0",
        "contentHash": "dk9JPxTCIevS75HyEQ0E4OVAFhB2N+V9ShCXf8Q6FkUQZDkgLI12y679Nym1YqsiSysuQskT7Z+6nUf3yab6Vw=="
      },
      "Microsoft.Testing.Extensions.Telemetry": {
        "type": "Transitive",
        "resolved": "1.4.0",
        "contentHash": "UX+T/xUOOh63KqWj6kPS2bw/E0uViIdLWUZmxk/iI+RvCzVklNzEKyaaPNo74T1GOowOSc2Kgp7RGhQK57FdyQ==",
        "dependencies": {
          "Microsoft.ApplicationInsights": "2.22.0",
          "Microsoft.Testing.Platform": "1.4.0"
        }
      },
      "Microsoft.Testing.Extensions.TrxReport.Abstractions": {
        "type": "Transitive",
        "resolved": "1.4.0",
        "contentHash": "7ulY2yQ+0BH1sjSRvgXNBmhWDTtPDHOirULnnOnuKpf0m9sIETttURmfF2xZaGYsajZ/hECkL1AKFegGB+Kb9g==",
        "dependencies": {
          "Microsoft.Testing.Platform": "1.4.0"
        }
      },
      "Microsoft.Testing.Extensions.VSTestBridge": {
        "type": "Transitive",
        "resolved": "1.4.0",
        "contentHash": "C6XAiFJuxjJsk67VgoVjhkNvCp0WZSEUJRpzaDTe92GatOY7CkWP9cj78qZuw/JD0mv6kktdKwNcU5lF9F8Yew==",
        "dependencies": {
          "Microsoft.ApplicationInsights": "2.22.0",
          "Microsoft.TestPlatform.ObjectModel": "17.11.0",
          "Microsoft.Testing.Extensions.Telemetry": "1.4.0",
          "Microsoft.Testing.Extensions.TrxReport.Abstractions": "1.4.0",
          "Microsoft.Testing.Platform": "1.4.0"
        }
      },
      "Microsoft.Testing.Platform": {
        "type": "Transitive",
        "resolved": "1.4.0",
        "contentHash": "6JtCqi0nq43wFDUrDfx3NrmFJYqWpmbEjEv4bVtgP6BTry1aw0Zd3FDQmZbWqnWGbvPgwm39YUXedf1+yzTkmg=="
      },
      "Microsoft.Testing.Platform.MSBuild": {
        "type": "Transitive",
        "resolved": "1.4.0",
        "contentHash": "EBarJH6u97ng2DIpNNimUnbMGAMh2mC3uxaXqdnhLNtdLjNq9QNtEfrf+nOr84mTNA4KwDXZZAK1H5ZupoAaWw==",
        "dependencies": {
          "Microsoft.Testing.Platform": "1.4.0"
        }
      },
      "Microsoft.TestPlatform.ObjectModel": {
        "type": "Transitive",
        "resolved": "17.11.1",
        "contentHash": "E2jZqAU6JeWEVsyOEOrSW1o1bpHLgb25ypvKNB/moBXPVsFYBPd/Jwi7OrYahG50J83LfHzezYI+GaEkpAotiA==",
        "dependencies": {
          "System.Reflection.Metadata": "1.6.0"
        }
      },
      "Microsoft.TestPlatform.TestHost": {
        "type": "Transitive",
        "resolved": "17.11.1",
        "contentHash": "DnG+GOqJXO/CkoqlJWeDFTgPhqD/V6VqUIL3vINizCWZ3X+HshCtbbyDdSHQQEjrc2Sl/K3yaxX6s+5LFEdYuw==",
        "dependencies": {
          "Microsoft.TestPlatform.ObjectModel": "17.11.1",
          "Newtonsoft.Json": "13.0.1"
        }
      },
      "Newtonsoft.Json": {
        "type": "Transitive",
        "resolved": "13.0.1",
        "contentHash": "ppPFpBcvxdsfUonNcvITKqLl3bqxWbDCZIzDWHzjpdAHRFfZe0Dw9HmA0+za13IdyrgJwpkDTDA9fHaxOrt20A=="
      },
      "System.Collections.Immutable": {
        "type": "Transitive",
        "resolved": "8.0.0",
        "contentHash": "AurL6Y5BA1WotzlEvVaIDpqzpIPvYnnldxru8oXJU2yFxFUy3+pNXjXd1ymO+RA0rq0+590Q8gaz2l3Sr7fmqg=="
      },
      "System.ComponentModel.Annotations": {
        "type": "Transitive",
        "resolved": "5.0.0",
        "contentHash": "dMkqfy2el8A8/I76n2Hi1oBFEbG1SfxD2l5nhwXV3XjlnOmwxJlQbYpJH4W51odnU9sARCSAgv7S3CyAFMkpYg=="
      },
      "System.Diagnostics.DiagnosticSource": {
        "type": "Transitive",
        "resolved": "5.0.0",
        "contentHash": "tCQTzPsGZh/A9LhhA6zrqCRV4hOHsK90/G7q3Khxmn6tnB1PuNU0cRaKANP2AWcF9bn0zsuOoZOSrHuJk6oNBA=="
      },
      "System.Reflection.Metadata": {
        "type": "Transitive",
        "resolved": "8.0.0",
        "contentHash": "ptvgrFh7PvWI8bcVqG5rsA/weWM09EnthFHR5SCnS6IN+P4mj6rE1lBDC4U8HL9/57htKAqy4KQ3bBj84cfYyQ==",
        "dependencies": {
          "System.Collections.Immutable": "8.0.0"
        }
      },
      "System.Runtime.CompilerServices.Unsafe": {
        "type": "Transitive",
        "resolved": "6.0.0",
        "contentHash": "/iUeP3tq1S0XdNNoMz5C9twLSrM/TH+qElHkXWaPvuNOt+99G75NrV0OS2EqHx5wMN7popYjpc8oTjC1y16DLg=="
      },
      "System.Security.Cryptography.ProtectedData": {
        "type": "Transitive",
        "resolved": "4.4.0",
        "contentHash": "cJV7ScGW7EhatRsjehfvvYVBvtiSMKgN8bOVI0bQhnF5bU7vnHVIsH49Kva7i7GWaWYvmEzkYVk1TC+gZYBEog=="
      },
      "System.Text.Encodings.Web": {
        "type": "Transitive",
        "resolved": "6.0.0",
        "contentHash": "Vg8eB5Tawm1IFqj4TVK1czJX89rhFxJo9ELqc/Eiq0eXy13RK00eubyU6TJE6y+GQXjyV5gSfiewDUZjQgSE0w==",
        "dependencies": {
          "System.Runtime.CompilerServices.Unsafe": "6.0.0"
        }
      },
      "Microsoft.CodeAnalysis.Common": {
        "type": "CentralTransitive",
        "requested": "[4.11.0, )",
        "resolved": "4.11.0",
        "contentHash": "djf8ujmqYImFgB04UGtcsEhHrzVqzHowS+EEl/Yunc5LdrYrZhGBWUTXoCF0NzYXJxtfuD+UVQarWpvrNc94Qg==",
        "dependencies": {
          "Microsoft.CodeAnalysis.Analyzers": "3.3.4",
          "System.Collections.Immutable": "8.0.0",
          "System.Reflection.Metadata": "8.0.0"
        }
      },
      "Microsoft.Playwright": {
        "type": "CentralTransitive",
        "requested": "[1.19.1, )",
        "resolved": "1.52.0",
        "contentHash": "zH8a7OiXtq8BC6i0yYHAG/DSN8J8/bVyQYVESK7mK1ZJF19eY1ca51BAQpQxzF+Qm/A20x6Rsl8cT+QYXSfxbw==",
        "dependencies": {
          "Microsoft.Bcl.AsyncInterfaces": "6.0.0",
          "System.ComponentModel.Annotations": "5.0.0",
          "System.Text.Json": "6.0.10"
        }
      },
      "System.Configuration.ConfigurationManager": {
        "type": "CentralTransitive",
        "requested": "[8.0.0, )",
        "resolved": "4.4.0",
        "contentHash": "gWwQv/Ug1qWJmHCmN17nAbxJYmQBM/E94QxKLksvUiiKB1Ld3Sc/eK1lgmbSjDFxkQhVuayI/cGFZhpBSodLrg==",
        "dependencies": {
          "System.Security.Cryptography.ProtectedData": "4.4.0"
        }
      },
      "System.Text.Json": {
        "type": "CentralTransitive",
        "requested": "[8.0.1, )",
        "resolved": "6.0.10",
        "contentHash": "NSB0kDipxn2ychp88NXWfFRFlmi1bst/xynOutbnpEfRCT9JZkZ7KOmF/I/hNKo2dILiMGnqblm+j1sggdLB9g==",
        "dependencies": {
          "System.Runtime.CompilerServices.Unsafe": "6.0.0",
          "System.Text.Encodings.Web": "6.0.0"
        }
      }
    }
  }
}