Microsoft Visual Studio Solution File, Format Version 12.00
# Visual Studio Version 16
VisualStudioVersion = 16.0.0.0
MinimumVisualStudioVersion = 16.0.0.0
Project("{9A19103F-16F7-4668-BE54-9A1E7A4F7556}") = "sample-00-auto", "sample-00-auto\sample-00-auto.csproj", "{5B183F83-453C-4FA9-AEE9-D09CFF8C2B3C}"
EndProject
Project("{9A19103F-16F7-4668-BE54-9A1E7A4F7556}") = "sample-00-auto-client", "sample-00-auto-client\sample-00-auto-client.csproj", "{8F4BA4BA-FF16-4B7C-BCAC-B00EC9014F6C}"
EndProject
Global
	GlobalSection(SolutionConfigurationPlatforms) = preSolution
		Debug|Any CPU = Debug|Any CPU
		Debug|x64 = Debug|x64
		Debug|x86 = Debug|x86
		Release|Any CPU = Release|Any CPU
		Release|x64 = Release|x64
		Release|x86 = Release|x86
	EndGlobalSection
	GlobalSection(ProjectConfigurationPlatforms) = postSolution
		{8F4BA4BA-FF16-4B7C-BCAC-B00EC9014F6C}.Debug|Any CPU.ActiveCfg = Debug|Any CPU
		{8F4BA4BA-FF16-4B7C-BCAC-B00EC9014F6C}.Debug|Any CPU.Build.0 = Debug|Any CPU
		{8F4BA4BA-FF16-4B7C-BCAC-B00EC9014F6C}.Debug|x64.ActiveCfg = Debug|Any CPU
		{8F4BA4BA-FF16-4B7C-BCAC-B00EC9014F6C}.Debug|x64.Build.0 = Debug|Any CPU
		{8F4BA4BA-FF16-4B7C-BCAC-B00EC9014F6C}.Debug|x86.ActiveCfg = Debug|Any CPU
		{8F4BA4BA-FF16-4B7C-BCAC-B00EC9014F6C}.Debug|x86.Build.0 = Debug|Any CPU
		{8F4BA4BA-FF16-4B7C-BCAC-B00EC9014F6C}.Release|Any CPU.ActiveCfg = Release|Any CPU
		{8F4BA4BA-FF16-4B7C-BCAC-B00EC9014F6C}.Release|Any CPU.Build.0 = Release|Any CPU
		{8F4BA4BA-FF16-4B7C-BCAC-B00EC9014F6C}.Release|x64.ActiveCfg = Release|Any CPU
		{8F4BA4BA-FF16-4B7C-BCAC-B00EC9014F6C}.Release|x64.Build.0 = Release|Any CPU
		{8F4BA4BA-FF16-4B7C-BCAC-B00EC9014F6C}.Release|x86.ActiveCfg = Release|Any CPU
		{8F4BA4BA-FF16-4B7C-BCAC-B00EC9014F6C}.Release|x86.Build.0 = Release|Any CPU
		{5B183F83-453C-4FA9-AEE9-D09CFF8C2B3C}.Debug|Any CPU.ActiveCfg = Debug|Any CPU
		{5B183F83-453C-4FA9-AEE9-D09CFF8C2B3C}.Debug|Any CPU.Build.0 = Debug|Any CPU
		{5B183F83-453C-4FA9-AEE9-D09CFF8C2B3C}.Debug|x64.ActiveCfg = Debug|Any CPU
		{5B183F83-453C-4FA9-AEE9-D09CFF8C2B3C}.Debug|x64.Build.0 = Debug|Any CPU
		{5B183F83-453C-4FA9-AEE9-D09CFF8C2B3C}.Debug|x86.ActiveCfg = Debug|Any CPU
		{5B183F83-453C-4FA9-AEE9-D09CFF8C2B3C}.Debug|x86.Build.0 = Debug|Any CPU
		{5B183F83-453C-4FA9-AEE9-D09CFF8C2B3C}.Release|Any CPU.ActiveCfg = Release|Any CPU
		{5B183F83-453C-4FA9-AEE9-D09CFF8C2B3C}.Release|Any CPU.Build.0 = Release|Any CPU
		{5B183F83-453C-4FA9-AEE9-D09CFF8C2B3C}.Release|x64.ActiveCfg = Release|Any CPU
		{5B183F83-453C-4FA9-AEE9-D09CFF8C2B3C}.Release|x64.Build.0 = Release|Any CPU
		{5B183F83-453C-4FA9-AEE9-D09CFF8C2B3C}.Release|x86.ActiveCfg = Release|Any CPU
		{5B183F83-453C-4FA9-AEE9-D09CFF8C2B3C}.Release|x86.Build.0 = Release|Any CPU
	EndGlobalSection
	GlobalSection(SolutionProperties) = preSolution
		HideSolutionNode = FALSE
	EndGlobalSection
	GlobalSection(ExtensibilityGlobals) = postSolution
		SolutionGuid = {8AC77B3D-E7F5-4B16-8CE4-2E314C7CBF55}
	EndGlobalSection
EndGlobal
