Microsoft Visual Studio Solution File, Format Version 12.00
# Visual Studio Version 16
VisualStudioVersion = 16.0.0.0
MinimumVisualStudioVersion = 16.0.0.0
Project("{9A19103F-16F7-4668-BE54-9A1E7A4F7556}") = "Sample00Wasm", "Sample00Wasm\Sample00Wasm.csproj", "{FFD22825-9E39-4210-B7E0-A89A7F0D3319}"
EndProject
Project("{9A19103F-16F7-4668-BE54-9A1E7A4F7556}") = "Sample00Wasm.Client", "Sample00Wasm.Client\Sample00Wasm.Client.csproj", "{EA6C4582-8DE6-4A4F-A25A-84142314ED6E}"
EndProject
Global
	GlobalSection(SolutionConfigurationPlatforms) = preSolution
		Debug|Any CPU = Debug|Any CPU
		Debug|x64 = Debug|x64
		Debug|x86 = Debug|x86
		Release|Any CPU = Release|Any CPU
		Release|x64 = Release|x64
		Release|x86 = Release|x86
	EndGlobalSection
	GlobalSection(ProjectConfigurationPlatforms) = postSolution
		{EA6C4582-8DE6-4A4F-A25A-84142314ED6E}.Debug|Any CPU.ActiveCfg = Debug|Any CPU
		{EA6C4582-8DE6-4A4F-A25A-84142314ED6E}.Debug|Any CPU.Build.0 = Debug|Any CPU
		{EA6C4582-8DE6-4A4F-A25A-84142314ED6E}.Debug|x64.ActiveCfg = Debug|Any CPU
		{EA6C4582-8DE6-4A4F-A25A-84142314ED6E}.Debug|x64.Build.0 = Debug|Any CPU
		{EA6C4582-8DE6-4A4F-A25A-84142314ED6E}.Debug|x86.ActiveCfg = Debug|Any CPU
		{EA6C4582-8DE6-4A4F-A25A-84142314ED6E}.Debug|x86.Build.0 = Debug|Any CPU
		{EA6C4582-8DE6-4A4F-A25A-84142314ED6E}.Release|Any CPU.ActiveCfg = Release|Any CPU
		{EA6C4582-8DE6-4A4F-A25A-84142314ED6E}.Release|Any CPU.Build.0 = Release|Any CPU
		{EA6C4582-8DE6-4A4F-A25A-84142314ED6E}.Release|x64.ActiveCfg = Release|Any CPU
		{EA6C4582-8DE6-4A4F-A25A-84142314ED6E}.Release|x64.Build.0 = Release|Any CPU
		{EA6C4582-8DE6-4A4F-A25A-84142314ED6E}.Release|x86.ActiveCfg = Release|Any CPU
		{EA6C4582-8DE6-4A4F-A25A-84142314ED6E}.Release|x86.Build.0 = Release|Any CPU
		{FFD22825-9E39-4210-B7E0-A89A7F0D3319}.Debug|Any CPU.ActiveCfg = Debug|Any CPU
		{FFD22825-9E39-4210-B7E0-A89A7F0D3319}.Debug|Any CPU.Build.0 = Debug|Any CPU
		{FFD22825-9E39-4210-B7E0-A89A7F0D3319}.Debug|x64.ActiveCfg = Debug|Any CPU
		{FFD22825-9E39-4210-B7E0-A89A7F0D3319}.Debug|x64.Build.0 = Debug|Any CPU
		{FFD22825-9E39-4210-B7E0-A89A7F0D3319}.Debug|x86.ActiveCfg = Debug|Any CPU
		{FFD22825-9E39-4210-B7E0-A89A7F0D3319}.Debug|x86.Build.0 = Debug|Any CPU
		{FFD22825-9E39-4210-B7E0-A89A7F0D3319}.Release|Any CPU.ActiveCfg = Release|Any CPU
		{FFD22825-9E39-4210-B7E0-A89A7F0D3319}.Release|Any CPU.Build.0 = Release|Any CPU
		{FFD22825-9E39-4210-B7E0-A89A7F0D3319}.Release|x64.ActiveCfg = Release|Any CPU
		{FFD22825-9E39-4210-B7E0-A89A7F0D3319}.Release|x64.Build.0 = Release|Any CPU
		{FFD22825-9E39-4210-B7E0-A89A7F0D3319}.Release|x86.ActiveCfg = Release|Any CPU
		{FFD22825-9E39-4210-B7E0-A89A7F0D3319}.Release|x86.Build.0 = Release|Any CPU
	EndGlobalSection
	GlobalSection(SolutionProperties) = preSolution
		HideSolutionNode = FALSE
	EndGlobalSection
	GlobalSection(ExtensibilityGlobals) = postSolution
		SolutionGuid = {DF610EDD-507E-4304-80FD-FE3608E9D0B2}
	EndGlobalSection
EndGlobal
