{
  "version": 2,
  "dependencies": {
    "net9.0": {
      "Microsoft.CodeAnalysis.Analyzers": {
        "type": "Direct",
        "requested": "[4.14.0, )",
        "resolved": "4.14.0",
        "contentHash": "fCj+MzjJxN/4iYAz7JPLONGKeTomaZNzx4UgGA0AerTrx4Ou6Rw2J5YF4V51vWW+aSQSCv1nnAkCZUw5Z9+3zw=="
      },
      "Microsoft.CodeAnalysis.CSharp": {
        "type": "Direct",
        "requested": "[4.14.0, )",
        "resolved": "4.14.0",
        "contentHash": "568a6wcTivauIhbeWcCwfWwIn7UV7MeHEBvFB2uzGIpM2OhJ4eM/FZ8KS0yhPoNxnSpjGzz7x7CIjTxhslojQA==",
        "dependencies": {
          "Microsoft.CodeAnalysis.Analyzers": "3.11.0",
          "Microsoft.CodeAnalysis.Common": "[4.14.0]"
        }
      },
      "Microsoft.SourceLink.GitHub": {
        "type": "Direct",
        "requested": "[8.0.0, )",
        "resolved": "8.0.0",
        "contentHash": "G5q7OqtwIyGTkeIOAc3u2ZuV/kicQaec5EaRnc0pIeSnh9LUjj+PYQrJYBURvDt7twGl2PKA7nSN0kz1Zw5bnQ==",
        "dependencies": {
          "Microsoft.Build.Tasks.Git": "8.0.0",
          "Microsoft.SourceLink.Common": "8.0.0"
        }
      },
      "System.Net.Http.Json": {
        "type": "Direct",
        "requested": "[9.0.8, )",
        "resolved": "9.0.8",
        "contentHash": "6w0yedKNkPN5+7SYuO8YLTbUfwendQBGlyxKCvExEvADX5/oOK8lTVO5cF1vedLuoOH6DKpbPdcQzTXpAbUn2Q=="
      },
      "TimeWarp.Mediator": {
        "type": "Direct",
        "requested": "[13.0.0, )",
        "resolved": "13.0.0",
        "contentHash": "nOdDmPxMr41ZHu0DBddA5qDxR8nLuVS3KzMZpkZLSdN2hEZ/UIZtSoBAmP/HKA6NoqU/Ln0rFIBEW28dmSajVQ==",
        "dependencies": {
          "Microsoft.Extensions.DependencyInjection.Abstractions": "8.0.0",
          "TimeWarp.Mediator.Contracts": "13.0.0"
        }
      },
      "TimeWarp.SourceGenerators": {
        "type": "Direct",
        "requested": "[1.0.0-beta.3, )",
        "resolved": "1.0.0-beta.3",
        "contentHash": "TwLLmEGzjsyvUd6lKlKHq+d90XRwD5nWV17U+SaZGXbBQ4ZZxg+Tfyy9zGP1sDE8M0NTel4Dt2IbpgBWxfgFtg==",
        "dependencies": {
          "Microsoft.CodeAnalysis.CSharp": "4.11.0"
        }
      },
      "Microsoft.Build.Tasks.Git": {
        "type": "Transitive",
        "resolved": "8.0.0",
        "contentHash": "bZKfSIKJRXLTuSzLudMFte/8CempWjVamNUR5eHJizsy+iuOuO/k2gnh7W0dHJmYY0tBf+gUErfluCv5mySAOQ=="
      },
      "Microsoft.SourceLink.Common": {
        "type": "Transitive",
        "resolved": "8.0.0",
        "contentHash": "dk9JPxTCIevS75HyEQ0E4OVAFhB2N+V9ShCXf8Q6FkUQZDkgLI12y679Nym1YqsiSysuQskT7Z+6nUf3yab6Vw=="
      },
      "TimeWarp.Mediator.Contracts": {
        "type": "Transitive",
        "resolved": "13.0.0",
        "contentHash": "eVdLPCyJZ1GIUUD7HmjT2Pkm9f8zjlZm4ygmRgojOptoxtSSPSEcETVsVyx9H2xVX/zbB7X1aLUHDTEgINyT5g=="
      },
      "Microsoft.CodeAnalysis.Common": {
        "type": "CentralTransitive",
        "requested": "[4.14.0, )",
        "resolved": "4.14.0",
        "contentHash": "PC3tuwZYnC+idaPuoC/AZpEdwrtX7qFpmnrfQkgobGIWiYmGi5MCRtl5mx6QrfMGQpK78X2lfIEoZDLg/qnuHg==",
        "dependencies": {
          "Microsoft.CodeAnalysis.Analyzers": "3.11.0"
        }
      },
      "Microsoft.Extensions.DependencyInjection.Abstractions": {
        "type": "CentralTransitive",
        "requested": "[9.0.0, )",
        "resolved": "8.0.0",
        "contentHash": "cjWrLkJXK0rs4zofsK4bSdg+jhDLTaxrkXu4gS6Y7MAlCvRyNNgwY/lJi5RDlQOnSZweHqoyvgvbdvQsRIW+hg=="
      }
    }
  }
}